// !$*UTF8*$!
{
	archiveVersion = 1;
	classes = {
	};
	objectVersion = 46;
	objects = {
/* Begin PBXBuildFile section */
		0207DA581B56EA530066E2B4 /* Images.xcassets in Resources */ = {isa = PBXBuildFile; fileRef = 0207DA571B56EA530066E2B4 /* Images.xcassets */; };
		1D3623260D0F684500981E51 /* AppDelegate.m in Sources */ = {isa = PBXBuildFile; fileRef = 1D3623250D0F684500981E51 /* AppDelegate.m */; };
		1D60589B0D05DD56006BFB54 /* main.m in Sources */ = {isa = PBXBuildFile; fileRef = 29B97316FDCFA39411CA2CEA /* main.m */; };
		301BF552109A68D80062928A /* libCordova.a in Frameworks */ = {isa = PBXBuildFile; fileRef = 301BF535109A57CC0062928A /* libCordova.a */; };
		302D95F114D2391D003F00A1 /* MainViewController.m in Sources */ = {isa = PBXBuildFile; fileRef = 302D95EF14D2391D003F00A1 /* MainViewController.m */; };
		302D95F214D2391D003F00A1 /* MainViewController.xib in Resources */ = {isa = PBXBuildFile; fileRef = 302D95F014D2391D003F00A1 /* MainViewController.xib */; };
		3047A5121AB8059700498E2A /* build-debug.xcconfig in Resources */ = {isa = PBXBuildFile; fileRef = 3047A50F1AB8059700498E2A /* build-debug.xcconfig */; };
		3047A5131AB8059700498E2A /* build-release.xcconfig in Resources */ = {isa = PBXBuildFile; fileRef = 3047A5101AB8059700498E2A /* build-release.xcconfig */; };
		3047A5141AB8059700498E2A /* build.xcconfig in Resources */ = {isa = PBXBuildFile; fileRef = 3047A5111AB8059700498E2A /* build.xcconfig */; };
		6AFF5BF91D6E424B00AB3073 /* CDVLaunchScreen.storyboard in Resources */ = {isa = PBXBuildFile; fileRef = 6AFF5BF81D6E424B00AB3073 /* CDVLaunchScreen.storyboard */; };
		1BEB12DF21D94ABFB0E5F62E /* WTWikitudePlugin.m in Sources */ = {isa = PBXBuildFile; fileRef = 030A2D9ACCBD4D80B5A382EF /* WTWikitudePlugin.m */; };
		4AA08517CF23445E8D79C3E5 /* WTARViewController.m in Sources */ = {isa = PBXBuildFile; fileRef = 3EBB7A27609347CA93188AC8 /* WTARViewController.m */; };
		07F80F66733049C399AE5D81 /* libWikitudeSDK.a in Frameworks */ = {isa = PBXBuildFile; fileRef = 58E036A89946419E8DF53835 /* libWikitudeSDK.a */; };
		D32D393EE2CB42608D52CC4F /* libWikitudeSDK-simulator.a in Frameworks */ = {isa = PBXBuildFile; fileRef = 0843A279F95747358E485BC5 /* libWikitudeSDK-simulator.a */; };
		BEA4BA9B5750430CB4CCAF87 /* Accelerate.framework in Frameworks */ = {isa = PBXBuildFile; fileRef = 27A861A6E653472BB1CFBB72 /* Accelerate.framework */; };
		67CE289ED6794798BCB15397 /* AVFoundation.framework in Frameworks */ = {isa = PBXBuildFile; fileRef = 2B7B5A7FBEBE4C73916BB5AE /* AVFoundation.framework */; };
		621C760051F64594912856D7 /* CFNetwork.framework in Frameworks */ = {isa = PBXBuildFile; fileRef = E254F280C25941FB96075AFF /* CFNetwork.framework */; };
		59B95F2EF0274D66B3F93163 /* CoreLocation.framework in Frameworks */ = {isa = PBXBuildFile; fileRef = 0093D4A2D6FC42509BE85257 /* CoreLocation.framework */; };
		E99C85E4D37047178F3FD6F1 /* CoreMedia.framework in Frameworks */ = {isa = PBXBuildFile; fileRef = 47C8E4F555C040088FF28B79 /* CoreMedia.framework */; };
		793A7692F1634523BFD287AF /* CoreMotion.framework in Frameworks */ = {isa = PBXBuildFile; fileRef = B75859F1D3BD43079C006469 /* CoreMotion.framework */; };
		63FFACFB702F4B7D9B0F8976 /* CoreText.framework in Frameworks */ = {isa = PBXBuildFile; fileRef = 1E3AC93523694DA1B852554F /* CoreText.framework */; };
		E89B4771AF824AF6805E2213 /* CoreVideo.framework in Frameworks */ = {isa = PBXBuildFile; fileRef = 05CC5C155F2F4797A4ED1F3F /* CoreVideo.framework */; };
		DA90D7609C8B48FEAA22A224 /* Foundation.framework in Frameworks */ = {isa = PBXBuildFile; fileRef = B9C1477AFDFF4E409D03A375 /* Foundation.framework */; };
		9E2C7DA374084C989E519CD2 /* MediaPlayer.framework in Frameworks */ = {isa = PBXBuildFile; fileRef = 3FDF9B8D226B417B9BB5E048 /* MediaPlayer.framework */; };
		BC487F4DE87847709430D93D /* OpenGLES.framework in Frameworks */ = {isa = PBXBuildFile; fileRef = ACE93CD3891C4E6D8E06A969 /* OpenGLES.framework */; };
		EBF48C5EF3DC48F1B9FA90E0 /* Photos.framework in Frameworks */ = {isa = PBXBuildFile; fileRef = D69DFDDE940A4432927C5866 /* Photos.framework */; };
		13976C82E62749208F3F5A2F /* QuartzCore.framework in Frameworks */ = {isa = PBXBuildFile; fileRef = 108FAB8D4D4844E6A39FF2D0 /* QuartzCore.framework */; };
		62F19B516AD1428ABBFA97EA /* SafariServices.framework in Frameworks */ = {isa = PBXBuildFile; fileRef = 1D38BC6842754BD88798D89E /* SafariServices.framework */; };
		39FDA80F11964F658910552D /* Security.framework in Frameworks */ = {isa = PBXBuildFile; fileRef = B2254C48415D4771A29ADE8D /* Security.framework */; };
		D787319D0F134ACBB376BAD0 /* SystemConfiguration.framework in Frameworks */ = {isa = PBXBuildFile; fileRef = F11984E040184559AE34F911 /* SystemConfiguration.framework */; };
		AC36F4515BCA4BAFBFC0D8F7 /* UIKit.framework in Frameworks */ = {isa = PBXBuildFile; fileRef = F79183958EE847ACB3E80173 /* UIKit.framework */; };
		9853CE09D6F14210BA661D04 /* libc++.dylib in Frameworks */ = {isa = PBXBuildFile; fileRef = 0B2EC8FC1213468287E56EDF /* libc++.dylib */; };
		7263F3BD66824FA9B689979A /* libz.dylib in Frameworks */ = {isa = PBXBuildFile; fileRef = 18EE50DE240E4FA1AFE83C97 /* libz.dylib */; };
		616C494C1B4047E789C1C8A9 /* UIImage+CropScaleOrientation.m in Sources */ = {isa = PBXBuildFile; fileRef = 76A355A8BA5342319EA88F85 /* UIImage+CropScaleOrientation.m */; };
		576CD885986F4CEBA2C5E529 /* CDVCamera.m in Sources */ = {isa = PBXBuildFile; fileRef = C610F9FFDB924B999102FDBD /* CDVCamera.m */; };
		558532D2810A4E5980835B06 /* CDVJpegHeaderWriter.m in Sources */ = {isa = PBXBuildFile; fileRef = 6E1616E69BE54F6E984F3AE1 /* CDVJpegHeaderWriter.m */; };
		11CB38BC0D514B4E80AF4FDC /* ImageIO.framework in Frameworks */ = {isa = PBXBuildFile; fileRef = 06CF7FF444AB4C60AC7A82C4 /* ImageIO.framework */; settings = {ATTRIBUTES = (Weak, ); }; };
		B00BE8F620474B22BE49F510 /* CDVLogger.m in Sources */ = {isa = PBXBuildFile; fileRef = 5F85AF73927549A5BD53C5DB /* CDVLogger.m */; };
		2DB0C8082A844838AA5EBB20 /* CDVDevice.m in Sources */ = {isa = PBXBuildFile; fileRef = 7E5464103C474FB69ABACFE7 /* CDVDevice.m */; };
		6EFFEBAAB22D4E57A28F712D /* FacebookConnectPlugin.m in Sources */ = {isa = PBXBuildFile; fileRef = C7B2B52CE4DA4F9AB573E54D /* FacebookConnectPlugin.m */; };
		C5A3D4A67B5B4A6C8ACC5DEA /* Bolts.framework in Frameworks */ = {isa = PBXBuildFile; fileRef = 7AE56E6DBE564DF9AB1B6ECE /* Bolts.framework */; };
		DF1810B5BD864F15A6B3BCF3 /* FBSDKCoreKit.framework in Frameworks */ = {isa = PBXBuildFile; fileRef = 29EEDF7013E1419CBC1CDA4E /* FBSDKCoreKit.framework */; };
		01813E3EA19A47CEB6C8D287 /* FBSDKLoginKit.framework in Frameworks */ = {isa = PBXBuildFile; fileRef = 3B3569E71DED448198680E1F /* FBSDKLoginKit.framework */; };
		4A3CC47643454680A9586595 /* FBSDKShareKit.framework in Frameworks */ = {isa = PBXBuildFile; fileRef = 828266B447C6444CAEAB0CFB /* FBSDKShareKit.framework */; };
		46E78EF9AA294F73B363DB56 /* NativeStorage.m in Sources */ = {isa = PBXBuildFile; fileRef = 355F9A5028F24DB98EE280F2 /* NativeStorage.m */; };
		D41FFE3523DC43DBAB8222A9 /* CDVSplashScreen.m in Sources */ = {isa = PBXBuildFile; fileRef = B726E59CFBDD47F599E4443F /* CDVSplashScreen.m */; };
		3C78A6C4AAEA422D9B06301E /* CDVViewController+SplashScreen.m in Sources */ = {isa = PBXBuildFile; fileRef = B53EF29ABB624BCB9BC53BF8 /* CDVViewController+SplashScreen.m */; };
		1FE68C8DD4B043D1BABFA4E2 /* CDVStatusBar.m in Sources */ = {isa = PBXBuildFile; fileRef = 580891172E084BC5B1BB250A /* CDVStatusBar.m */; };
		59EF36CB52E8485B99C5946E /* IonicKeyboard.m in Sources */ = {isa = PBXBuildFile; fileRef = A697DCFF8DF04A4CBB764C47 /* IonicKeyboard.m */; };
		916ED239EF0445CEB1265873 /* CDVFile.m in Sources */ = {isa = PBXBuildFile; fileRef = FF5C2AC79A394D89B1C3619F /* CDVFile.m */; };
		B20231206426468391946447 /* CDVLocalFilesystem.m in Sources */ = {isa = PBXBuildFile; fileRef = 440E16E0A489492F8E25FC97 /* CDVLocalFilesystem.m */; };
		899DC4E0E4444056B931002A /* CDVAssetLibraryFilesystem.m in Sources */ = {isa = PBXBuildFile; fileRef = 523F264407EA4993B8563037 /* CDVAssetLibraryFilesystem.m */; };
/* End PBXBuildFile section */

/* Begin PBXContainerItemProxy section */
		301BF534109A57CC0062928A /* PBXContainerItemProxy */ = {
			isa = PBXContainerItemProxy;
			containerPortal = 301BF52D109A57CC0062928A /* CordovaLib.xcodeproj */;
			proxyType = 2;
			remoteGlobalIDString = D2AAC07E0554694100DB518D;
			remoteInfo = CordovaLib;
		};
		301BF550109A68C00062928A /* PBXContainerItemProxy */ = {
			isa = PBXContainerItemProxy;
			containerPortal = 301BF52D109A57CC0062928A /* CordovaLib.xcodeproj */;
			proxyType = 1;
			remoteGlobalIDString = D2AAC07D0554694100DB518D;
			remoteInfo = CordovaLib;
		};
/* End PBXContainerItemProxy section */

/* Begin PBXFileReference section */
		0207DA571B56EA530066E2B4 /* Images.xcassets */ = {isa = PBXFileReference; lastKnownFileType = folder.assetcatalog; name = Images.xcassets; path = "Spect-AR/Images.xcassets"; sourceTree = SOURCE_ROOT; };
		1D3623240D0F684500981E51 /* AppDelegate.h */ = {isa = PBXFileReference; fileEncoding = 4; lastKnownFileType = sourcecode.c.h; path = AppDelegate.h; sourceTree = "<group>"; };
		1D3623250D0F684500981E51 /* AppDelegate.m */ = {isa = PBXFileReference; fileEncoding = 4; lastKnownFileType = sourcecode.c.objc; path = AppDelegate.m; sourceTree = "<group>"; };
		1D6058910D05DD3D006BFB54 /* Spect-AR.app */ = {isa = PBXFileReference; explicitFileType = wrapper.application; includeInIndex = 0; path = "Spect-AR.app"; sourceTree = BUILT_PRODUCTS_DIR; };
		29B97316FDCFA39411CA2CEA /* main.m */ = {isa = PBXFileReference; fileEncoding = 4; lastKnownFileType = sourcecode.c.objc; path = main.m; sourceTree = "<group>"; };
		301BF52D109A57CC0062928A /* CordovaLib.xcodeproj */ = {isa = PBXFileReference; lastKnownFileType = "wrapper.pb-project"; name = CordovaLib.xcodeproj; path = CordovaLib/CordovaLib.xcodeproj; sourceTree = "<group>"; };
		301BF56E109A69640062928A /* www */ = {isa = PBXFileReference; lastKnownFileType = folder; path = www; sourceTree = SOURCE_ROOT; };
		302D95EE14D2391D003F00A1 /* MainViewController.h */ = {isa = PBXFileReference; fileEncoding = 4; lastKnownFileType = sourcecode.c.h; path = MainViewController.h; sourceTree = "<group>"; };
		302D95EF14D2391D003F00A1 /* MainViewController.m */ = {isa = PBXFileReference; fileEncoding = 4; lastKnownFileType = sourcecode.c.objc; path = MainViewController.m; sourceTree = "<group>"; };
		302D95F014D2391D003F00A1 /* MainViewController.xib */ = {isa = PBXFileReference; fileEncoding = 4; lastKnownFileType = file.xib; path = MainViewController.xib; sourceTree = "<group>"; };
		3047A50F1AB8059700498E2A /* build-debug.xcconfig */ = {isa = PBXFileReference; fileEncoding = 4; lastKnownFileType = text.xcconfig; name = "build-debug.xcconfig"; path = cordova/build-debug.xcconfig; sourceTree = SOURCE_ROOT; };
		3047A5101AB8059700498E2A /* build-release.xcconfig */ = {isa = PBXFileReference; fileEncoding = 4; lastKnownFileType = text.xcconfig; name = "build-release.xcconfig"; path = cordova/build-release.xcconfig; sourceTree = SOURCE_ROOT; };
		3047A5111AB8059700498E2A /* build.xcconfig */ = {isa = PBXFileReference; fileEncoding = 4; lastKnownFileType = text.xcconfig; name = build.xcconfig; path = cordova/build.xcconfig; sourceTree = SOURCE_ROOT; };
		32CA4F630368D1EE00C91783 /* Spect-AR-Prefix.pch */ = {isa = PBXFileReference; fileEncoding = 4; lastKnownFileType = sourcecode.c.h; path = "Spect-AR-Prefix.pch"; sourceTree = "<group>"; };
		6AFF5BF81D6E424B00AB3073 /* CDVLaunchScreen.storyboard */ = {isa = PBXFileReference; fileEncoding = 4; lastKnownFileType = file.storyboard; name = CDVLaunchScreen.storyboard; path = "Spect-AR/CDVLaunchScreen.storyboard"; sourceTree = SOURCE_ROOT; };
		8D1107310486CEB800E47090 /* Spect-AR-Info.plist */ = {isa = PBXFileReference; fileEncoding = 4; lastKnownFileType = text.plist.xml; name = "Spect-AR-Info.plist"; path = "Spect-AR/Spect-AR-Info.plist"; plistStructureDefinitionIdentifier = "com.apple.xcode.plist.structure-definition.iphone.info-plist"; sourceTree = SOURCE_ROOT; };
		EB87FDF31871DA8E0020F90C /* www */ = {isa = PBXFileReference; lastKnownFileType = folder; name = www; path = ../../www; sourceTree = "<group>"; };
		EB87FDF41871DAF40020F90C /* config.xml */ = {isa = PBXFileReference; lastKnownFileType = text.xml; name = config.xml; path = ../../config.xml; sourceTree = "<group>"; };
		F840E1F0165FE0F500CFE078 /* config.xml */ = {isa = PBXFileReference; lastKnownFileType = text.xml; name = config.xml; path = "Spect-AR/config.xml"; sourceTree = "<group>"; };
		ED33DF2A687741AEAF9F8254 /* Bridging-Header.h */ = {isa = PBXFileReference; fileEncoding = 4; lastKnownFileType = sourcecode.c.h; name = "Bridging-Header.h"; path = "Bridging-Header.h"; sourceTree = "<group>"; };
		030A2D9ACCBD4D80B5A382EF /* WTWikitudePlugin.m */ = {isa = PBXFileReference; name = "WTWikitudePlugin.m"; path = "com.wikitude.phonegap.WikitudePlugin/WTWikitudePlugin.m"; sourceTree = "<group>"; fileEncoding = 4; lastKnownFileType = sourcecode.c.objc; explicitFileType = undefined; includeInIndex = 0; };
		3EBB7A27609347CA93188AC8 /* WTARViewController.m */ = {isa = PBXFileReference; name = "WTARViewController.m"; path = "com.wikitude.phonegap.WikitudePlugin/WTARViewController.m"; sourceTree = "<group>"; fileEncoding = 4; lastKnownFileType = sourcecode.c.objc; explicitFileType = undefined; includeInIndex = 0; };
		58E036A89946419E8DF53835 /* libWikitudeSDK.a */ = {isa = PBXFileReference; name = "libWikitudeSDK.a"; path = "Spect-AR/Plugins/com.wikitude.phonegap.WikitudePlugin/libWikitudeSDK.a"; sourceTree = "<group>"; fileEncoding = undefined; lastKnownFileType = archive.ar; explicitFileType = undefined; includeInIndex = 0; };
		0843A279F95747358E485BC5 /* libWikitudeSDK-simulator.a */ = {isa = PBXFileReference; name = "libWikitudeSDK-simulator.a"; path = "Spect-AR/Plugins/com.wikitude.phonegap.WikitudePlugin/libWikitudeSDK-simulator.a"; sourceTree = "<group>"; fileEncoding = undefined; lastKnownFileType = archive.ar; explicitFileType = undefined; includeInIndex = 0; };
		114C8F791BB64993A9C2D078 /* WTWikitudePlugin.h */ = {isa = PBXFileReference; name = "WTWikitudePlugin.h"; path = "com.wikitude.phonegap.WikitudePlugin/WTWikitudePlugin.h"; sourceTree = "<group>"; fileEncoding = 4; lastKnownFileType = sourcecode.c.h; explicitFileType = undefined; includeInIndex = 0; };
		0261F00FE5644E6B8CE7732A /* WTARViewController.h */ = {isa = PBXFileReference; name = "WTARViewController.h"; path = "com.wikitude.phonegap.WikitudePlugin/WTARViewController.h"; sourceTree = "<group>"; fileEncoding = 4; lastKnownFileType = sourcecode.c.h; explicitFileType = undefined; includeInIndex = 0; };
		ECD03D00DB1D497085DE29B9 /* WikitudeSDK.h */ = {isa = PBXFileReference; name = "WikitudeSDK.h"; path = "com.wikitude.phonegap.WikitudePlugin/WikitudeSDK.h"; sourceTree = "<group>"; fileEncoding = 4; lastKnownFileType = sourcecode.c.h; explicitFileType = undefined; includeInIndex = 0; };
		41D67A195DC9487BBC28B367 /* WTArchitectView.h */ = {isa = PBXFileReference; name = "WTArchitectView.h"; path = "com.wikitude.phonegap.WikitudePlugin/WTArchitectView.h"; sourceTree = "<group>"; fileEncoding = 4; lastKnownFileType = sourcecode.c.h; explicitFileType = undefined; includeInIndex = 0; };
		35DB3DC0222B4C4085393995 /* WTNavigation.h */ = {isa = PBXFileReference; name = "WTNavigation.h"; path = "com.wikitude.phonegap.WikitudePlugin/WTNavigation.h"; sourceTree = "<group>"; fileEncoding = 4; lastKnownFileType = sourcecode.c.h; explicitFileType = undefined; includeInIndex = 0; };
		F27F2B5CC9E94F128FE73E3F /* WTStartupConfiguration.h */ = {isa = PBXFileReference; name = "WTStartupConfiguration.h"; path = "com.wikitude.phonegap.WikitudePlugin/WTStartupConfiguration.h"; sourceTree = "<group>"; fileEncoding = 4; lastKnownFileType = sourcecode.c.h; explicitFileType = undefined; includeInIndex = 0; };
		78BB4678F3B649DF9DA8D8B4 /* WTArchitectStartupConfiguration.h */ = {isa = PBXFileReference; name = "WTArchitectStartupConfiguration.h"; path = "com.wikitude.phonegap.WikitudePlugin/WTArchitectStartupConfiguration.h"; sourceTree = "<group>"; fileEncoding = 4; lastKnownFileType = sourcecode.c.h; explicitFileType = undefined; includeInIndex = 0; };
		D583A998FF2340B197841CC0 /* WTSDKBuildInformation.h */ = {isa = PBXFileReference; name = "WTSDKBuildInformation.h"; path = "com.wikitude.phonegap.WikitudePlugin/WTSDKBuildInformation.h"; sourceTree = "<group>"; fileEncoding = 4; lastKnownFileType = sourcecode.c.h; explicitFileType = undefined; includeInIndex = 0; };
		74C4FF9DB0CB47909DCE2CE5 /* WTArchitectViewDebugDelegate.h */ = {isa = PBXFileReference; name = "WTArchitectViewDebugDelegate.h"; path = "com.wikitude.phonegap.WikitudePlugin/WTArchitectViewDebugDelegate.h"; sourceTree = "<group>"; fileEncoding = 4; lastKnownFileType = sourcecode.c.h; explicitFileType = undefined; includeInIndex = 0; };
		70E2457488AB4C0A8C6D0353 /* WTAuthorizationRequestManager.h */ = {isa = PBXFileReference; name = "WTAuthorizationRequestManager.h"; path = "com.wikitude.phonegap.WikitudePlugin/WTAuthorizationRequestManager.h"; sourceTree = "<group>"; fileEncoding = 4; lastKnownFileType = sourcecode.c.h; explicitFileType = undefined; includeInIndex = 0; };
		A9A0A497AE954C41A90C34D9 /* WTWikitudeTypes.h */ = {isa = PBXFileReference; name = "WTWikitudeTypes.h"; path = "com.wikitude.phonegap.WikitudePlugin/WTWikitudeTypes.h"; sourceTree = "<group>"; fileEncoding = 4; lastKnownFileType = sourcecode.c.h; explicitFileType = undefined; includeInIndex = 0; };
		27A861A6E653472BB1CFBB72 /* Accelerate.framework */ = {isa = PBXFileReference; name = "Accelerate.framework"; path = "System/Library/Frameworks/Accelerate.framework"; sourceTree = SDKROOT; fileEncoding = undefined; lastKnownFileType = wrapper.framework; explicitFileType = undefined; includeInIndex = 0; };
		2B7B5A7FBEBE4C73916BB5AE /* AVFoundation.framework */ = {isa = PBXFileReference; name = "AVFoundation.framework"; path = "System/Library/Frameworks/AVFoundation.framework"; sourceTree = SDKROOT; fileEncoding = undefined; lastKnownFileType = wrapper.framework; explicitFileType = undefined; includeInIndex = 0; };
		E254F280C25941FB96075AFF /* CFNetwork.framework */ = {isa = PBXFileReference; name = "CFNetwork.framework"; path = "System/Library/Frameworks/CFNetwork.framework"; sourceTree = SDKROOT; fileEncoding = undefined; lastKnownFileType = wrapper.framework; explicitFileType = undefined; includeInIndex = 0; };
		0093D4A2D6FC42509BE85257 /* CoreLocation.framework */ = {isa = PBXFileReference; name = "CoreLocation.framework"; path = "System/Library/Frameworks/CoreLocation.framework"; sourceTree = SDKROOT; fileEncoding = undefined; lastKnownFileType = wrapper.framework; explicitFileType = undefined; includeInIndex = 0; };
		47C8E4F555C040088FF28B79 /* CoreMedia.framework */ = {isa = PBXFileReference; name = "CoreMedia.framework"; path = "System/Library/Frameworks/CoreMedia.framework"; sourceTree = SDKROOT; fileEncoding = undefined; lastKnownFileType = wrapper.framework; explicitFileType = undefined; includeInIndex = 0; };
		B75859F1D3BD43079C006469 /* CoreMotion.framework */ = {isa = PBXFileReference; name = "CoreMotion.framework"; path = "System/Library/Frameworks/CoreMotion.framework"; sourceTree = SDKROOT; fileEncoding = undefined; lastKnownFileType = wrapper.framework; explicitFileType = undefined; includeInIndex = 0; };
		1E3AC93523694DA1B852554F /* CoreText.framework */ = {isa = PBXFileReference; name = "CoreText.framework"; path = "System/Library/Frameworks/CoreText.framework"; sourceTree = SDKROOT; fileEncoding = undefined; lastKnownFileType = wrapper.framework; explicitFileType = undefined; includeInIndex = 0; };
		05CC5C155F2F4797A4ED1F3F /* CoreVideo.framework */ = {isa = PBXFileReference; name = "CoreVideo.framework"; path = "System/Library/Frameworks/CoreVideo.framework"; sourceTree = SDKROOT; fileEncoding = undefined; lastKnownFileType = wrapper.framework; explicitFileType = undefined; includeInIndex = 0; };
		B9C1477AFDFF4E409D03A375 /* Foundation.framework */ = {isa = PBXFileReference; name = "Foundation.framework"; path = "System/Library/Frameworks/Foundation.framework"; sourceTree = SDKROOT; fileEncoding = undefined; lastKnownFileType = wrapper.framework; explicitFileType = undefined; includeInIndex = 0; };
		3FDF9B8D226B417B9BB5E048 /* MediaPlayer.framework */ = {isa = PBXFileReference; name = "MediaPlayer.framework"; path = "System/Library/Frameworks/MediaPlayer.framework"; sourceTree = SDKROOT; fileEncoding = undefined; lastKnownFileType = wrapper.framework; explicitFileType = undefined; includeInIndex = 0; };
		ACE93CD3891C4E6D8E06A969 /* OpenGLES.framework */ = {isa = PBXFileReference; name = "OpenGLES.framework"; path = "System/Library/Frameworks/OpenGLES.framework"; sourceTree = SDKROOT; fileEncoding = undefined; lastKnownFileType = wrapper.framework; explicitFileType = undefined; includeInIndex = 0; };
		D69DFDDE940A4432927C5866 /* Photos.framework */ = {isa = PBXFileReference; name = "Photos.framework"; path = "System/Library/Frameworks/Photos.framework"; sourceTree = SDKROOT; fileEncoding = undefined; lastKnownFileType = wrapper.framework; explicitFileType = undefined; includeInIndex = 0; };
		108FAB8D4D4844E6A39FF2D0 /* QuartzCore.framework */ = {isa = PBXFileReference; name = "QuartzCore.framework"; path = "System/Library/Frameworks/QuartzCore.framework"; sourceTree = SDKROOT; fileEncoding = undefined; lastKnownFileType = wrapper.framework; explicitFileType = undefined; includeInIndex = 0; };
		1D38BC6842754BD88798D89E /* SafariServices.framework */ = {isa = PBXFileReference; name = "SafariServices.framework"; path = "System/Library/Frameworks/SafariServices.framework"; sourceTree = SDKROOT; fileEncoding = undefined; lastKnownFileType = wrapper.framework; explicitFileType = undefined; includeInIndex = 0; };
		B2254C48415D4771A29ADE8D /* Security.framework */ = {isa = PBXFileReference; name = "Security.framework"; path = "System/Library/Frameworks/Security.framework"; sourceTree = SDKROOT; fileEncoding = undefined; lastKnownFileType = wrapper.framework; explicitFileType = undefined; includeInIndex = 0; };
		F11984E040184559AE34F911 /* SystemConfiguration.framework */ = {isa = PBXFileReference; name = "SystemConfiguration.framework"; path = "System/Library/Frameworks/SystemConfiguration.framework"; sourceTree = SDKROOT; fileEncoding = undefined; lastKnownFileType = wrapper.framework; explicitFileType = undefined; includeInIndex = 0; };
		F79183958EE847ACB3E80173 /* UIKit.framework */ = {isa = PBXFileReference; name = "UIKit.framework"; path = "System/Library/Frameworks/UIKit.framework"; sourceTree = SDKROOT; fileEncoding = undefined; lastKnownFileType = wrapper.framework; explicitFileType = undefined; includeInIndex = 0; };
		0B2EC8FC1213468287E56EDF /* libc++.dylib */ = {isa = PBXFileReference; name = "libc++.dylib"; path = "usr/lib/libc++.dylib"; sourceTree = SDKROOT; fileEncoding = undefined; lastKnownFileType = compiled.mach-o.dylib; explicitFileType = undefined; includeInIndex = 0; };
		18EE50DE240E4FA1AFE83C97 /* libz.dylib */ = {isa = PBXFileReference; name = "libz.dylib"; path = "usr/lib/libz.dylib"; sourceTree = SDKROOT; fileEncoding = undefined; lastKnownFileType = compiled.mach-o.dylib; explicitFileType = undefined; includeInIndex = 0; };
		76A355A8BA5342319EA88F85 /* UIImage+CropScaleOrientation.m */ = {isa = PBXFileReference; name = "UIImage+CropScaleOrientation.m"; path = "cordova-plugin-camera/UIImage+CropScaleOrientation.m"; sourceTree = "<group>"; fileEncoding = 4; lastKnownFileType = sourcecode.c.objc; explicitFileType = undefined; includeInIndex = 0; };
		C610F9FFDB924B999102FDBD /* CDVCamera.m */ = {isa = PBXFileReference; name = "CDVCamera.m"; path = "cordova-plugin-camera/CDVCamera.m"; sourceTree = "<group>"; fileEncoding = 4; lastKnownFileType = sourcecode.c.objc; explicitFileType = undefined; includeInIndex = 0; };
		6E1616E69BE54F6E984F3AE1 /* CDVJpegHeaderWriter.m */ = {isa = PBXFileReference; name = "CDVJpegHeaderWriter.m"; path = "cordova-plugin-camera/CDVJpegHeaderWriter.m"; sourceTree = "<group>"; fileEncoding = 4; lastKnownFileType = sourcecode.c.objc; explicitFileType = undefined; includeInIndex = 0; };
		26D0FA10904E4B7BBBDBC0B1 /* UIImage+CropScaleOrientation.h */ = {isa = PBXFileReference; name = "UIImage+CropScaleOrientation.h"; path = "cordova-plugin-camera/UIImage+CropScaleOrientation.h"; sourceTree = "<group>"; fileEncoding = 4; lastKnownFileType = sourcecode.c.h; explicitFileType = undefined; includeInIndex = 0; };
		A05E7A2A2FB149B29069C3EF /* CDVCamera.h */ = {isa = PBXFileReference; name = "CDVCamera.h"; path = "cordova-plugin-camera/CDVCamera.h"; sourceTree = "<group>"; fileEncoding = 4; lastKnownFileType = sourcecode.c.h; explicitFileType = undefined; includeInIndex = 0; };
		10B407FC4B3D4170A4273693 /* CDVJpegHeaderWriter.h */ = {isa = PBXFileReference; name = "CDVJpegHeaderWriter.h"; path = "cordova-plugin-camera/CDVJpegHeaderWriter.h"; sourceTree = "<group>"; fileEncoding = 4; lastKnownFileType = sourcecode.c.h; explicitFileType = undefined; includeInIndex = 0; };
		4EDF971525304DC6ABE6FD7B /* CDVExif.h */ = {isa = PBXFileReference; name = "CDVExif.h"; path = "cordova-plugin-camera/CDVExif.h"; sourceTree = "<group>"; fileEncoding = 4; lastKnownFileType = sourcecode.c.h; explicitFileType = undefined; includeInIndex = 0; };
		06CF7FF444AB4C60AC7A82C4 /* ImageIO.framework */ = {isa = PBXFileReference; name = "ImageIO.framework"; path = "System/Library/Frameworks/ImageIO.framework"; sourceTree = SDKROOT; fileEncoding = undefined; lastKnownFileType = wrapper.framework; explicitFileType = undefined; includeInIndex = 0; };
		5F85AF73927549A5BD53C5DB /* CDVLogger.m */ = {isa = PBXFileReference; name = "CDVLogger.m"; path = "cordova-plugin-console/CDVLogger.m"; sourceTree = "<group>"; fileEncoding = 4; lastKnownFileType = sourcecode.c.objc; explicitFileType = undefined; includeInIndex = 0; };
		959FAE07819B48B0AC8ACAB7 /* CDVLogger.h */ = {isa = PBXFileReference; name = "CDVLogger.h"; path = "cordova-plugin-console/CDVLogger.h"; sourceTree = "<group>"; fileEncoding = 4; lastKnownFileType = sourcecode.c.h; explicitFileType = undefined; includeInIndex = 0; };
		7E5464103C474FB69ABACFE7 /* CDVDevice.m */ = {isa = PBXFileReference; name = "CDVDevice.m"; path = "cordova-plugin-device/CDVDevice.m"; sourceTree = "<group>"; fileEncoding = 4; lastKnownFileType = sourcecode.c.objc; explicitFileType = undefined; includeInIndex = 0; };
		7C44930E620640CE84CE0199 /* CDVDevice.h */ = {isa = PBXFileReference; name = "CDVDevice.h"; path = "cordova-plugin-device/CDVDevice.h"; sourceTree = "<group>"; fileEncoding = 4; lastKnownFileType = sourcecode.c.h; explicitFileType = undefined; includeInIndex = 0; };
		C7B2B52CE4DA4F9AB573E54D /* FacebookConnectPlugin.m */ = {isa = PBXFileReference; name = "FacebookConnectPlugin.m"; path = "cordova-plugin-facebook4/FacebookConnectPlugin.m"; sourceTree = "<group>"; fileEncoding = 4; lastKnownFileType = sourcecode.c.objc; explicitFileType = undefined; includeInIndex = 0; };
		1DF33ABEF73F4AA999FF1C3F /* FacebookConnectPlugin.h */ = {isa = PBXFileReference; name = "FacebookConnectPlugin.h"; path = "cordova-plugin-facebook4/FacebookConnectPlugin.h"; sourceTree = "<group>"; fileEncoding = 4; lastKnownFileType = sourcecode.c.h; explicitFileType = undefined; includeInIndex = 0; };
		7AE56E6DBE564DF9AB1B6ECE /* Bolts.framework */ = {isa = PBXFileReference; name = "Bolts.framework"; path = "Spect-AR/Plugins/cordova-plugin-facebook4/Bolts.framework"; sourceTree = "<group>"; fileEncoding = undefined; lastKnownFileType = wrapper.framework; explicitFileType = undefined; includeInIndex = 0; };
		29EEDF7013E1419CBC1CDA4E /* FBSDKCoreKit.framework */ = {isa = PBXFileReference; name = "FBSDKCoreKit.framework"; path = "Spect-AR/Plugins/cordova-plugin-facebook4/FBSDKCoreKit.framework"; sourceTree = "<group>"; fileEncoding = undefined; lastKnownFileType = wrapper.framework; explicitFileType = undefined; includeInIndex = 0; };
		3B3569E71DED448198680E1F /* FBSDKLoginKit.framework */ = {isa = PBXFileReference; name = "FBSDKLoginKit.framework"; path = "Spect-AR/Plugins/cordova-plugin-facebook4/FBSDKLoginKit.framework"; sourceTree = "<group>"; fileEncoding = undefined; lastKnownFileType = wrapper.framework; explicitFileType = undefined; includeInIndex = 0; };
		828266B447C6444CAEAB0CFB /* FBSDKShareKit.framework */ = {isa = PBXFileReference; name = "FBSDKShareKit.framework"; path = "Spect-AR/Plugins/cordova-plugin-facebook4/FBSDKShareKit.framework"; sourceTree = "<group>"; fileEncoding = undefined; lastKnownFileType = wrapper.framework; explicitFileType = undefined; includeInIndex = 0; };
		355F9A5028F24DB98EE280F2 /* NativeStorage.m */ = {isa = PBXFileReference; name = "NativeStorage.m"; path = "cordova-plugin-nativestorage/NativeStorage.m"; sourceTree = "<group>"; fileEncoding = 4; lastKnownFileType = sourcecode.c.objc; explicitFileType = undefined; includeInIndex = 0; };
		138AD9615CBA45A48FBF8111 /* NativeStorage.h */ = {isa = PBXFileReference; name = "NativeStorage.h"; path = "cordova-plugin-nativestorage/NativeStorage.h"; sourceTree = "<group>"; fileEncoding = 4; lastKnownFileType = sourcecode.c.h; explicitFileType = undefined; includeInIndex = 0; };
		B726E59CFBDD47F599E4443F /* CDVSplashScreen.m */ = {isa = PBXFileReference; name = "CDVSplashScreen.m"; path = "cordova-plugin-splashscreen/CDVSplashScreen.m"; sourceTree = "<group>"; fileEncoding = 4; lastKnownFileType = sourcecode.c.objc; explicitFileType = undefined; includeInIndex = 0; };
		B53EF29ABB624BCB9BC53BF8 /* CDVViewController+SplashScreen.m */ = {isa = PBXFileReference; name = "CDVViewController+SplashScreen.m"; path = "cordova-plugin-splashscreen/CDVViewController+SplashScreen.m"; sourceTree = "<group>"; fileEncoding = 4; lastKnownFileType = sourcecode.c.objc; explicitFileType = undefined; includeInIndex = 0; };
		C3CE214CA3CC406988692F9A /* CDVSplashScreen.h */ = {isa = PBXFileReference; name = "CDVSplashScreen.h"; path = "cordova-plugin-splashscreen/CDVSplashScreen.h"; sourceTree = "<group>"; fileEncoding = 4; lastKnownFileType = sourcecode.c.h; explicitFileType = undefined; includeInIndex = 0; };
		8886B990F08C4A0C89C9FD50 /* CDVViewController+SplashScreen.h */ = {isa = PBXFileReference; name = "CDVViewController+SplashScreen.h"; path = "cordova-plugin-splashscreen/CDVViewController+SplashScreen.h"; sourceTree = "<group>"; fileEncoding = 4; lastKnownFileType = sourcecode.c.h; explicitFileType = undefined; includeInIndex = 0; };
		580891172E084BC5B1BB250A /* CDVStatusBar.m */ = {isa = PBXFileReference; name = "CDVStatusBar.m"; path = "cordova-plugin-statusbar/CDVStatusBar.m"; sourceTree = "<group>"; fileEncoding = 4; lastKnownFileType = sourcecode.c.objc; explicitFileType = undefined; includeInIndex = 0; };
		29E93645DFA141758799B48A /* CDVStatusBar.h */ = {isa = PBXFileReference; name = "CDVStatusBar.h"; path = "cordova-plugin-statusbar/CDVStatusBar.h"; sourceTree = "<group>"; fileEncoding = 4; lastKnownFileType = sourcecode.c.h; explicitFileType = undefined; includeInIndex = 0; };
		A697DCFF8DF04A4CBB764C47 /* IonicKeyboard.m */ = {isa = PBXFileReference; name = "IonicKeyboard.m"; path = "ionic-plugin-keyboard/IonicKeyboard.m"; sourceTree = "<group>"; fileEncoding = 4; lastKnownFileType = sourcecode.c.objc; explicitFileType = undefined; includeInIndex = 0; };
		5A7C2090989545539AD764DA /* IonicKeyboard.h */ = {isa = PBXFileReference; name = "IonicKeyboard.h"; path = "ionic-plugin-keyboard/IonicKeyboard.h"; sourceTree = "<group>"; fileEncoding = 4; lastKnownFileType = sourcecode.c.h; explicitFileType = undefined; includeInIndex = 0; };
		FF5C2AC79A394D89B1C3619F /* CDVFile.m */ = {isa = PBXFileReference; name = "CDVFile.m"; path = "cordova-plugin-file/CDVFile.m"; sourceTree = "<group>"; fileEncoding = 4; lastKnownFileType = sourcecode.c.objc; explicitFileType = undefined; includeInIndex = 0; };
		440E16E0A489492F8E25FC97 /* CDVLocalFilesystem.m */ = {isa = PBXFileReference; name = "CDVLocalFilesystem.m"; path = "cordova-plugin-file/CDVLocalFilesystem.m"; sourceTree = "<group>"; fileEncoding = 4; lastKnownFileType = sourcecode.c.objc; explicitFileType = undefined; includeInIndex = 0; };
		523F264407EA4993B8563037 /* CDVAssetLibraryFilesystem.m */ = {isa = PBXFileReference; name = "CDVAssetLibraryFilesystem.m"; path = "cordova-plugin-file/CDVAssetLibraryFilesystem.m"; sourceTree = "<group>"; fileEncoding = 4; lastKnownFileType = sourcecode.c.objc; explicitFileType = undefined; includeInIndex = 0; };
		5D56913E4D1A4D4482D46540 /* CDVFile.h */ = {isa = PBXFileReference; name = "CDVFile.h"; path = "cordova-plugin-file/CDVFile.h"; sourceTree = "<group>"; fileEncoding = 4; lastKnownFileType = sourcecode.c.h; explicitFileType = undefined; includeInIndex = 0; };
		B0468AA5BC0B47C8B8D5CB07 /* CDVLocalFilesystem.h */ = {isa = PBXFileReference; name = "CDVLocalFilesystem.h"; path = "cordova-plugin-file/CDVLocalFilesystem.h"; sourceTree = "<group>"; fileEncoding = 4; lastKnownFileType = sourcecode.c.h; explicitFileType = undefined; includeInIndex = 0; };
		21B81F544B10426EBDB200A7 /* CDVAssetLibraryFilesystem.h */ = {isa = PBXFileReference; name = "CDVAssetLibraryFilesystem.h"; path = "cordova-plugin-file/CDVAssetLibraryFilesystem.h"; sourceTree = "<group>"; fileEncoding = 4; lastKnownFileType = sourcecode.c.h; explicitFileType = undefined; includeInIndex = 0; };
/* End PBXFileReference section */

/* Begin PBXFrameworksBuildPhase section */
		1D60588F0D05DD3D006BFB54 /* Frameworks */ = {
			isa = PBXFrameworksBuildPhase;
			buildActionMask = 2147483647;
			files = (
				301BF552109A68D80062928A /* libCordova.a in Frameworks */,
				07F80F66733049C399AE5D81 /* libWikitudeSDK.a in Frameworks */,
				D32D393EE2CB42608D52CC4F /* libWikitudeSDK-simulator.a in Frameworks */,
				BEA4BA9B5750430CB4CCAF87 /* Accelerate.framework in Frameworks */,
				67CE289ED6794798BCB15397 /* AVFoundation.framework in Frameworks */,
				621C760051F64594912856D7 /* CFNetwork.framework in Frameworks */,
				59B95F2EF0274D66B3F93163 /* CoreLocation.framework in Frameworks */,
				E99C85E4D37047178F3FD6F1 /* CoreMedia.framework in Frameworks */,
				793A7692F1634523BFD287AF /* CoreMotion.framework in Frameworks */,
				63FFACFB702F4B7D9B0F8976 /* CoreText.framework in Frameworks */,
				E89B4771AF824AF6805E2213 /* CoreVideo.framework in Frameworks */,
				DA90D7609C8B48FEAA22A224 /* Foundation.framework in Frameworks */,
				9E2C7DA374084C989E519CD2 /* MediaPlayer.framework in Frameworks */,
				BC487F4DE87847709430D93D /* OpenGLES.framework in Frameworks */,
				EBF48C5EF3DC48F1B9FA90E0 /* Photos.framework in Frameworks */,
				13976C82E62749208F3F5A2F /* QuartzCore.framework in Frameworks */,
				62F19B516AD1428ABBFA97EA /* SafariServices.framework in Frameworks */,
				39FDA80F11964F658910552D /* Security.framework in Frameworks */,
				D787319D0F134ACBB376BAD0 /* SystemConfiguration.framework in Frameworks */,
				AC36F4515BCA4BAFBFC0D8F7 /* UIKit.framework in Frameworks */,
				9853CE09D6F14210BA661D04 /* libc++.dylib in Frameworks */,
				7263F3BD66824FA9B689979A /* libz.dylib in Frameworks */,
				11CB38BC0D514B4E80AF4FDC /* ImageIO.framework in Frameworks */,
				C5A3D4A67B5B4A6C8ACC5DEA /* Bolts.framework in Frameworks */,
				DF1810B5BD864F15A6B3BCF3 /* FBSDKCoreKit.framework in Frameworks */,
				01813E3EA19A47CEB6C8D287 /* FBSDKLoginKit.framework in Frameworks */,
				4A3CC47643454680A9586595 /* FBSDKShareKit.framework in Frameworks */,
			);
			runOnlyForDeploymentPostprocessing = 0;
		};
/* End PBXFrameworksBuildPhase section */

/* Begin PBXGroup section */
		080E96DDFE201D6D7F000001 /* Classes */ = {
			isa = PBXGroup;
			children = (
				302D95EE14D2391D003F00A1 /* MainViewController.h */,
				302D95EF14D2391D003F00A1 /* MainViewController.m */,
				302D95F014D2391D003F00A1 /* MainViewController.xib */,
				1D3623240D0F684500981E51 /* AppDelegate.h */,
				1D3623250D0F684500981E51 /* AppDelegate.m */,
			);
			name = Classes;
			path = "Spect-AR/Classes";
			sourceTree = SOURCE_ROOT;
		};
		19C28FACFE9D520D11CA2CBB /* Products */ = {
			isa = PBXGroup;
			children = (
				1D6058910D05DD3D006BFB54 /* Spect-AR.app */,
			);
			name = Products;
			sourceTree = "<group>";
		};
		29B97314FDCFA39411CA2CEA /* CustomTemplate */ = {
			isa = PBXGroup;
			children = (
				EB87FDF41871DAF40020F90C /* config.xml */,
				EB87FDF31871DA8E0020F90C /* www */,
				EB87FDF11871DA420020F90C /* Staging */,
				301BF52D109A57CC0062928A /* CordovaLib.xcodeproj */,
				080E96DDFE201D6D7F000001 /* Classes */,
				307C750510C5A3420062BCA9 /* Plugins */,
				29B97315FDCFA39411CA2CEA /* Other Sources */,
				29B97317FDCFA39411CA2CEA /* Resources */,
				29B97323FDCFA39411CA2CEA /* Frameworks */,
				19C28FACFE9D520D11CA2CBB /* Products */,
			);
			name = CustomTemplate;
			sourceTree = "<group>";
		};
		29B97315FDCFA39411CA2CEA /* Other Sources */ = {
			isa = PBXGroup;
			children = (
				32CA4F630368D1EE00C91783 /* Spect-AR-Prefix.pch */,
				29B97316FDCFA39411CA2CEA /* main.m */,
				ED33DF2A687741AEAF9F8254 /* Bridging-Header.h */,
			);
			name = "Other Sources";
			path = "Spect-AR";
			sourceTree = "<group>";
		};
		29B97317FDCFA39411CA2CEA /* Resources */ = {
			isa = PBXGroup;
			children = (
				0207DA571B56EA530066E2B4 /* Images.xcassets */,
				3047A50E1AB8057F00498E2A /* config */,
				8D1107310486CEB800E47090 /* Spect-AR-Info.plist */,
				6AFF5BF81D6E424B00AB3073 /* CDVLaunchScreen.storyboard */,
			);
			name = Resources;
			path = "Spect-AR/Resources";
			sourceTree = "<group>";
		};
		29B97323FDCFA39411CA2CEA /* Frameworks */ = {
			isa = PBXGroup;
			children = (
				58E036A89946419E8DF53835 /* libWikitudeSDK.a */,
				0843A279F95747358E485BC5 /* libWikitudeSDK-simulator.a */,
				27A861A6E653472BB1CFBB72 /* Accelerate.framework */,
				2B7B5A7FBEBE4C73916BB5AE /* AVFoundation.framework */,
				E254F280C25941FB96075AFF /* CFNetwork.framework */,
				0093D4A2D6FC42509BE85257 /* CoreLocation.framework */,
				47C8E4F555C040088FF28B79 /* CoreMedia.framework */,
				B75859F1D3BD43079C006469 /* CoreMotion.framework */,
				1E3AC93523694DA1B852554F /* CoreText.framework */,
				05CC5C155F2F4797A4ED1F3F /* CoreVideo.framework */,
				B9C1477AFDFF4E409D03A375 /* Foundation.framework */,
				3FDF9B8D226B417B9BB5E048 /* MediaPlayer.framework */,
				ACE93CD3891C4E6D8E06A969 /* OpenGLES.framework */,
				D69DFDDE940A4432927C5866 /* Photos.framework */,
				108FAB8D4D4844E6A39FF2D0 /* QuartzCore.framework */,
				1D38BC6842754BD88798D89E /* SafariServices.framework */,
				B2254C48415D4771A29ADE8D /* Security.framework */,
				F11984E040184559AE34F911 /* SystemConfiguration.framework */,
				F79183958EE847ACB3E80173 /* UIKit.framework */,
				0B2EC8FC1213468287E56EDF /* libc++.dylib */,
				18EE50DE240E4FA1AFE83C97 /* libz.dylib */,
				06CF7FF444AB4C60AC7A82C4 /* ImageIO.framework */,
				7AE56E6DBE564DF9AB1B6ECE /* Bolts.framework */,
				29EEDF7013E1419CBC1CDA4E /* FBSDKCoreKit.framework */,
				3B3569E71DED448198680E1F /* FBSDKLoginKit.framework */,
				828266B447C6444CAEAB0CFB /* FBSDKShareKit.framework */,
			);
			name = Frameworks;
			sourceTree = "<group>";
		};
		301BF52E109A57CC0062928A /* Products */ = {
			isa = PBXGroup;
			children = (
				301BF535109A57CC0062928A /* libCordova.a */,
			);
			name = Products;
			sourceTree = "<group>";
		};
		3047A50E1AB8057F00498E2A /* config */ = {
			isa = PBXGroup;
			children = (
				3047A50F1AB8059700498E2A /* build-debug.xcconfig */,
				3047A5101AB8059700498E2A /* build-release.xcconfig */,
				3047A5111AB8059700498E2A /* build.xcconfig */,
			);
			name = config;
			sourceTree = "<group>";
		};
		307C750510C5A3420062BCA9 /* Plugins */ = {
			isa = PBXGroup;
			children = (
				030A2D9ACCBD4D80B5A382EF /* WTWikitudePlugin.m */,
				3EBB7A27609347CA93188AC8 /* WTARViewController.m */,
				114C8F791BB64993A9C2D078 /* WTWikitudePlugin.h */,
				0261F00FE5644E6B8CE7732A /* WTARViewController.h */,
				ECD03D00DB1D497085DE29B9 /* WikitudeSDK.h */,
				41D67A195DC9487BBC28B367 /* WTArchitectView.h */,
				35DB3DC0222B4C4085393995 /* WTNavigation.h */,
				F27F2B5CC9E94F128FE73E3F /* WTStartupConfiguration.h */,
				78BB4678F3B649DF9DA8D8B4 /* WTArchitectStartupConfiguration.h */,
				D583A998FF2340B197841CC0 /* WTSDKBuildInformation.h */,
				74C4FF9DB0CB47909DCE2CE5 /* WTArchitectViewDebugDelegate.h */,
				70E2457488AB4C0A8C6D0353 /* WTAuthorizationRequestManager.h */,
				A9A0A497AE954C41A90C34D9 /* WTWikitudeTypes.h */,
				76A355A8BA5342319EA88F85 /* UIImage+CropScaleOrientation.m */,
				C610F9FFDB924B999102FDBD /* CDVCamera.m */,
				6E1616E69BE54F6E984F3AE1 /* CDVJpegHeaderWriter.m */,
				26D0FA10904E4B7BBBDBC0B1 /* UIImage+CropScaleOrientation.h */,
				A05E7A2A2FB149B29069C3EF /* CDVCamera.h */,
				10B407FC4B3D4170A4273693 /* CDVJpegHeaderWriter.h */,
				4EDF971525304DC6ABE6FD7B /* CDVExif.h */,
				5F85AF73927549A5BD53C5DB /* CDVLogger.m */,
				959FAE07819B48B0AC8ACAB7 /* CDVLogger.h */,
				7E5464103C474FB69ABACFE7 /* CDVDevice.m */,
				7C44930E620640CE84CE0199 /* CDVDevice.h */,
				C7B2B52CE4DA4F9AB573E54D /* FacebookConnectPlugin.m */,
				1DF33ABEF73F4AA999FF1C3F /* FacebookConnectPlugin.h */,
				355F9A5028F24DB98EE280F2 /* NativeStorage.m */,
				138AD9615CBA45A48FBF8111 /* NativeStorage.h */,
				B726E59CFBDD47F599E4443F /* CDVSplashScreen.m */,
				B53EF29ABB624BCB9BC53BF8 /* CDVViewController+SplashScreen.m */,
				C3CE214CA3CC406988692F9A /* CDVSplashScreen.h */,
				8886B990F08C4A0C89C9FD50 /* CDVViewController+SplashScreen.h */,
				580891172E084BC5B1BB250A /* CDVStatusBar.m */,
				29E93645DFA141758799B48A /* CDVStatusBar.h */,
				A697DCFF8DF04A4CBB764C47 /* IonicKeyboard.m */,
				5A7C2090989545539AD764DA /* IonicKeyboard.h */,
				FF5C2AC79A394D89B1C3619F /* CDVFile.m */,
				440E16E0A489492F8E25FC97 /* CDVLocalFilesystem.m */,
				523F264407EA4993B8563037 /* CDVAssetLibraryFilesystem.m */,
				5D56913E4D1A4D4482D46540 /* CDVFile.h */,
				B0468AA5BC0B47C8B8D5CB07 /* CDVLocalFilesystem.h */,
				21B81F544B10426EBDB200A7 /* CDVAssetLibraryFilesystem.h */,
			);
			name = Plugins;
			path = "Spect-AR/Plugins";
			sourceTree = SOURCE_ROOT;
		};
		EB87FDF11871DA420020F90C /* Staging */ = {
			isa = PBXGroup;
			children = (
				F840E1F0165FE0F500CFE078 /* config.xml */,
				301BF56E109A69640062928A /* www */,
			);
			name = Staging;
			sourceTree = "<group>";
		};
/* End PBXGroup section */

/* Begin PBXNativeTarget section */
		1D6058900D05DD3D006BFB54 /* Spect-AR */ = {
			isa = PBXNativeTarget;
			buildConfigurationList = 1D6058960D05DD3E006BFB54 /* Build configuration list for PBXNativeTarget "Spect-AR" */;
			buildPhases = (
				304B58A110DAC018002A0835 /* Copy www directory */,
				1D60588D0D05DD3D006BFB54 /* Resources */,
				1D60588E0D05DD3D006BFB54 /* Sources */,
				1D60588F0D05DD3D006BFB54 /* Frameworks */,
			);
			buildRules = (
			);
			dependencies = (
				301BF551109A68C00062928A /* PBXTargetDependency */,
			);
			name = "Spect-AR";
			productName = "Spect-AR";
			productReference = 1D6058910D05DD3D006BFB54 /* Spect-AR.app */;
			productType = "com.apple.product-type.application";
		};
/* End PBXNativeTarget section */

/* Begin PBXProject section */
		29B97313FDCFA39411CA2CEA /* Project object */ = {
			isa = PBXProject;
			attributes = {
				LastUpgradeCheck = 510;
			};
			buildConfigurationList = C01FCF4E08A954540054247B /* Build configuration list for PBXProject "__NON-CLI__" */;
			compatibilityVersion = "Xcode 3.2";
			developmentRegion = English;
			hasScannedForEncodings = 1;
			mainGroup = 29B97314FDCFA39411CA2CEA /* CustomTemplate */;
			projectDirPath = "";
			projectReferences = (
				{
					ProductGroup = 301BF52E109A57CC0062928A /* Products */;
					ProjectRef = 301BF52D109A57CC0062928A /* CordovaLib.xcodeproj */;
				},
			);
			projectRoot = "";
			targets = (
				1D6058900D05DD3D006BFB54 /* Spect-AR */,
			);
		};
/* End PBXProject section */

/* Begin PBXReferenceProxy section */
		301BF535109A57CC0062928A /* libCordova.a */ = {
			isa = PBXReferenceProxy;
			fileType = archive.ar;
			path = libCordova.a;
			remoteRef = 301BF534109A57CC0062928A /* PBXContainerItemProxy */;
			sourceTree = BUILT_PRODUCTS_DIR;
		};
/* End PBXReferenceProxy section */

/* Begin PBXResourcesBuildPhase section */
		1D60588D0D05DD3D006BFB54 /* Resources */ = {
			isa = PBXResourcesBuildPhase;
			buildActionMask = 2147483647;
			files = (
				302D95F214D2391D003F00A1 /* MainViewController.xib in Resources */,
				0207DA581B56EA530066E2B4 /* Images.xcassets in Resources */,
				6AFF5BF91D6E424B00AB3073 /* CDVLaunchScreen.storyboard in Resources */,
			);
			runOnlyForDeploymentPostprocessing = 0;
		};
/* End PBXResourcesBuildPhase section */

/* Begin PBXShellScriptBuildPhase section */
		304B58A110DAC018002A0835 /* Copy www directory */ = {
			isa = PBXShellScriptBuildPhase;
			buildActionMask = 2147483647;
			files = (
			);
			inputPaths = (
			);
			name = "Copy www directory";
			outputPaths = (
			);
			runOnlyForDeploymentPostprocessing = 0;
			shellPath = /bin/sh;
			shellScript = "NODEJS_PATH=/usr/local/bin; NVM_NODE_PATH=~/.nvm/versions/node/`nvm version 2>/dev/null`/bin; N_NODE_PATH=`find /usr/local/n/versions/node/* -maxdepth 0 -type d 2>/dev/null | tail -1`/bin; XCODE_NODE_PATH=`xcode-select --print-path`/usr/share/xcs/Node/bin; PATH=$NODEJS_PATH:$NVM_NODE_PATH:$N_NODE_PATH:$XCODE_NODE_PATH:$PATH && node cordova/lib/copy-www-build-step.js";
			showEnvVarsInLog = 0;
		};
/* End PBXShellScriptBuildPhase section */

/* Begin PBXSourcesBuildPhase section */
		1D60588E0D05DD3D006BFB54 /* Sources */ = {
			isa = PBXSourcesBuildPhase;
			buildActionMask = 2147483647;
			files = (
				1D60589B0D05DD56006BFB54 /* main.m in Sources */,
				1D3623260D0F684500981E51 /* AppDelegate.m in Sources */,
				302D95F114D2391D003F00A1 /* MainViewController.m in Sources */,
				1BEB12DF21D94ABFB0E5F62E /* WTWikitudePlugin.m in Sources */,
				4AA08517CF23445E8D79C3E5 /* WTARViewController.m in Sources */,
				616C494C1B4047E789C1C8A9 /* UIImage+CropScaleOrientation.m in Sources */,
				576CD885986F4CEBA2C5E529 /* CDVCamera.m in Sources */,
				558532D2810A4E5980835B06 /* CDVJpegHeaderWriter.m in Sources */,
				B00BE8F620474B22BE49F510 /* CDVLogger.m in Sources */,
				2DB0C8082A844838AA5EBB20 /* CDVDevice.m in Sources */,
				6EFFEBAAB22D4E57A28F712D /* FacebookConnectPlugin.m in Sources */,
				46E78EF9AA294F73B363DB56 /* NativeStorage.m in Sources */,
				D41FFE3523DC43DBAB8222A9 /* CDVSplashScreen.m in Sources */,
				3C78A6C4AAEA422D9B06301E /* CDVViewController+SplashScreen.m in Sources */,
				1FE68C8DD4B043D1BABFA4E2 /* CDVStatusBar.m in Sources */,
				59EF36CB52E8485B99C5946E /* IonicKeyboard.m in Sources */,
				916ED239EF0445CEB1265873 /* CDVFile.m in Sources */,
				B20231206426468391946447 /* CDVLocalFilesystem.m in Sources */,
				899DC4E0E4444056B931002A /* CDVAssetLibraryFilesystem.m in Sources */,
			);
			runOnlyForDeploymentPostprocessing = 0;
		};
/* End PBXSourcesBuildPhase section */

/* Begin PBXTargetDependency section */
		301BF551109A68C00062928A /* PBXTargetDependency */ = {
			isa = PBXTargetDependency;
			name = CordovaLib;
			targetProxy = 301BF550109A68C00062928A /* PBXContainerItemProxy */;
		};
/* End PBXTargetDependency section */

/* Begin XCBuildConfiguration section */
		1D6058940D05DD3E006BFB54 /* Debug */ = {
			isa = XCBuildConfiguration;
			baseConfigurationReference = 3047A50F1AB8059700498E2A /* build-debug.xcconfig */;
			buildSettings = {
				ALWAYS_SEARCH_USER_PATHS = NO;
				ASSETCATALOG_COMPILER_APPICON_NAME = AppIcon;
				ASSETCATALOG_COMPILER_LAUNCHIMAGE_NAME = LaunchImage;
				CLANG_ENABLE_MODULES = YES;
				CLANG_ENABLE_OBJC_ARC = YES;
				COPY_PHASE_STRIP = NO;
				GCC_DYNAMIC_NO_PIC = NO;
				GCC_OPTIMIZATION_LEVEL = 0;
				GCC_PRECOMPILE_PREFIX_HEADER = YES;
				GCC_PREFIX_HEADER = "Spect-AR/Spect-AR-Prefix.pch";
				GCC_THUMB_SUPPORT = NO;
				GCC_VERSION = "";
				INFOPLIST_FILE = "Spect-AR/Spect-AR-Info.plist";
				IPHONEOS_DEPLOYMENT_TARGET = 8.0;
				LD_RUNPATH_SEARCH_PATHS = "@executable_path/Frameworks";
				TARGETED_DEVICE_FAMILY = "1,2";
				PRODUCT_NAME = "Spect-AR";
				LIBRARY_SEARCH_PATHS = (
					"$(inherited)",
					"\"$(SRCROOT)/Spect-AR/Plugins/com.wikitude.phonegap.WikitudePlugin\"",
					"\"$(SRCROOT)/Spect-AR/Plugins/com.wikitude.phonegap.WikitudePlugin\"",
				);
				FRAMEWORK_SEARCH_PATHS = (
					"$(inherited)",
					"\"Spect-AR/Plugins/cordova-plugin-facebook4\"",
					"\"Spect-AR/Plugins/cordova-plugin-facebook4\"",
					"\"Spect-AR/Plugins/cordova-plugin-facebook4\"",
					"\"Spect-AR/Plugins/cordova-plugin-facebook4\"",
				);
			};
			name = Debug;
		};
		1D6058950D05DD3E006BFB54 /* Release */ = {
			isa = XCBuildConfiguration;
			baseConfigurationReference = 3047A5101AB8059700498E2A /* build-release.xcconfig */;
			buildSettings = {
				ALWAYS_SEARCH_USER_PATHS = NO;
				ASSETCATALOG_COMPILER_APPICON_NAME = AppIcon;
				ASSETCATALOG_COMPILER_LAUNCHIMAGE_NAME = LaunchImage;
				CLANG_ENABLE_MODULES = YES;
				CLANG_ENABLE_OBJC_ARC = YES;
				COPY_PHASE_STRIP = YES;
				GCC_PRECOMPILE_PREFIX_HEADER = YES;
				GCC_PREFIX_HEADER = "Spect-AR/Spect-AR-Prefix.pch";
				GCC_THUMB_SUPPORT = NO;
				GCC_VERSION = "";
				INFOPLIST_FILE = "Spect-AR/Spect-AR-Info.plist";
				IPHONEOS_DEPLOYMENT_TARGET = 8.0;
				LD_RUNPATH_SEARCH_PATHS = "@executable_path/Frameworks";
				TARGETED_DEVICE_FAMILY = "1,2";
				PRODUCT_NAME = "Spect-AR";
				LIBRARY_SEARCH_PATHS = (
					"$(inherited)",
					"\"$(SRCROOT)/Spect-AR/Plugins/com.wikitude.phonegap.WikitudePlugin\"",
					"\"$(SRCROOT)/Spect-AR/Plugins/com.wikitude.phonegap.WikitudePlugin\"",
				);
				FRAMEWORK_SEARCH_PATHS = (
					"$(inherited)",
					"\"Spect-AR/Plugins/cordova-plugin-facebook4\"",
					"\"Spect-AR/Plugins/cordova-plugin-facebook4\"",
					"\"Spect-AR/Plugins/cordova-plugin-facebook4\"",
					"\"Spect-AR/Plugins/cordova-plugin-facebook4\"",
				);
			};
			name = Release;
		};
		C01FCF4F08A954540054247B /* Debug */ = {
			isa = XCBuildConfiguration;
			baseConfigurationReference = 3047A5111AB8059700498E2A /* build.xcconfig */;
			buildSettings = {
				CLANG_ENABLE_MODULES = YES;
				CLANG_ENABLE_OBJC_ARC = YES;
				CLANG_WARN_BOOL_CONVERSION = YES;
				CLANG_WARN_CONSTANT_CONVERSION = YES;
				CLANG_WARN_EMPTY_BODY = YES;
				CLANG_WARN_ENUM_CONVERSION = YES;
				CLANG_WARN_INT_CONVERSION = YES;
				CLANG_WARN__DUPLICATE_METHOD_MATCH = YES;
				GCC_C_LANGUAGE_STANDARD = c99;
				GCC_THUMB_SUPPORT = NO;
				GCC_VERSION = "";
				GCC_WARN_ABOUT_RETURN_TYPE = YES;
				GCC_WARN_UNDECLARED_SELECTOR = YES;
				GCC_WARN_UNINITIALIZED_AUTOS = YES;
				GCC_WARN_UNUSED_FUNCTION = YES;
				GCC_WARN_UNUSED_VARIABLE = YES;
				ONLY_ACTIVE_ARCH = YES;
				SDKROOT = iphoneos;
				SKIP_INSTALL = NO;
			};
			name = Debug;
		};
		C01FCF5008A954540054247B /* Release */ = {
			isa = XCBuildConfiguration;
			baseConfigurationReference = 3047A5111AB8059700498E2A /* build.xcconfig */;
			buildSettings = {
				CLANG_ENABLE_MODULES = YES;
				CLANG_ENABLE_OBJC_ARC = YES;
				CLANG_WARN_BOOL_CONVERSION = YES;
				CLANG_WARN_CONSTANT_CONVERSION = YES;
				CLANG_WARN_EMPTY_BODY = YES;
				CLANG_WARN_ENUM_CONVERSION = YES;
				CLANG_WARN_INT_CONVERSION = YES;
				CLANG_WARN__DUPLICATE_METHOD_MATCH = YES;
				GCC_C_LANGUAGE_STANDARD = c99;
				GCC_THUMB_SUPPORT = NO;
				GCC_VERSION = "";
				GCC_WARN_ABOUT_RETURN_TYPE = YES;
				GCC_WARN_UNDECLARED_SELECTOR = YES;
				GCC_WARN_UNINITIALIZED_AUTOS = YES;
				GCC_WARN_UNUSED_FUNCTION = YES;
				GCC_WARN_UNUSED_VARIABLE = YES;
				SDKROOT = iphoneos;
				SKIP_INSTALL = NO;
			};
			name = Release;
		};
/* End XCBuildConfiguration section */

/* Begin XCConfigurationList section */
		1D6058960D05DD3E006BFB54 /* Build configuration list for PBXNativeTarget "Spect-AR" */ = {
			isa = XCConfigurationList;
			buildConfigurations = (
				1D6058940D05DD3E006BFB54 /* Debug */,
				1D6058950D05DD3E006BFB54 /* Release */,
			);
			defaultConfigurationIsVisible = 0;
			defaultConfigurationName = Release;
		};
		C01FCF4E08A954540054247B /* Build configuration list for PBXProject "__NON-CLI__" */ = {
			isa = XCConfigurationList;
			buildConfigurations = (
				C01FCF4F08A954540054247B /* Debug */,
				C01FCF5008A954540054247B /* Release */,
			);
			defaultConfigurationIsVisible = 0;
			defaultConfigurationName = Release;
		};
/* End XCConfigurationList section */
	};
	rootObject = 29B97313FDCFA39411CA2CEA /* Project object */;
}
