// !$*UTF8*$!
{
	archiveVersion = 1;
	classes = {
	};
	objectVersion = 46;
	objects = {
/* Begin PBXBuildFile section */
		0207DA581B56EA530066E2B4 /* Images.xcassets in Resources */ = {isa = PBXBuildFile; fileRef = 0207DA571B56EA530066E2B4 /* Images.xcassets */; };
		1D3623260D0F684500981E51 /* AppDelegate.m in Sources */ = {isa = PBXBuildFile; fileRef = 1D3623250D0F684500981E51 /* AppDelegate.m */; };
		1D60589B0D05DD56006BFB54 /* main.m in Sources */ = {isa = PBXBuildFile; fileRef = 29B97316FDCFA39411CA2CEA /* main.m */; };
		301BF552109A68D80062928A /* libCordova.a in Frameworks */ = {isa = PBXBuildFile; fileRef = 301BF535109A57CC0062928A /* libCordova.a */; };
		302D95F114D2391D003F00A1 /* MainViewController.m in Sources */ = {isa = PBXBuildFile; fileRef = 302D95EF14D2391D003F00A1 /* MainViewController.m */; };
		302D95F214D2391D003F00A1 /* MainViewController.xib in Resources */ = {isa = PBXBuildFile; fileRef = 302D95F014D2391D003F00A1 /* MainViewController.xib */; };
		3047A5121AB8059700498E2A /* build-debug.xcconfig in Resources */ = {isa = PBXBuildFile; fileRef = 3047A50F1AB8059700498E2A /* build-debug.xcconfig */; };
		3047A5131AB8059700498E2A /* build-release.xcconfig in Resources */ = {isa = PBXBuildFile; fileRef = 3047A5101AB8059700498E2A /* build-release.xcconfig */; };
		3047A5141AB8059700498E2A /* build.xcconfig in Resources */ = {isa = PBXBuildFile; fileRef = 3047A5111AB8059700498E2A /* build.xcconfig */; };
		6AFF5BF91D6E424B00AB3073 /* CDVLaunchScreen.storyboard in Resources */ = {isa = PBXBuildFile; fileRef = 6AFF5BF81D6E424B00AB3073 /* CDVLaunchScreen.storyboard */; };
		A9A9E62AF57149EE8D8CF748 /* WTWikitudePlugin.m in Sources */ = {isa = PBXBuildFile; fileRef = 1049CA4C076842BEB6018491 /* WTWikitudePlugin.m */; };
		CECF9D5CC1784D688EC7E0CA /* WTARViewController.m in Sources */ = {isa = PBXBuildFile; fileRef = 28D854A897D74A57A447B0A7 /* WTARViewController.m */; };
		89F3D03BF08F424FBD4C8261 /* libWikitudeSDK.a in Frameworks */ = {isa = PBXBuildFile; fileRef = 4609322E4EA24A13AD2EA2BA /* libWikitudeSDK.a */; };
		8B22A5D81BE2402E835C0682 /* libWikitudeSDK-simulator.a in Frameworks */ = {isa = PBXBuildFile; fileRef = 7F58FCF5523849DBBDA9367F /* libWikitudeSDK-simulator.a */; };
		4B18CD5FC86647CE98BFCBC5 /* Accelerate.framework in Frameworks */ = {isa = PBXBuildFile; fileRef = 972E96647EAD44C6BE12B334 /* Accelerate.framework */; };
		26B9E9DB2EA04EC193310E83 /* AVFoundation.framework in Frameworks */ = {isa = PBXBuildFile; fileRef = 84ADBE235B9E4804ACD5DBFD /* AVFoundation.framework */; };
		36C0ED710829431081434CC5 /* CFNetwork.framework in Frameworks */ = {isa = PBXBuildFile; fileRef = E46C8E43526F46608DC2B436 /* CFNetwork.framework */; };
		6D57C66291954BE1A3799247 /* CoreLocation.framework in Frameworks */ = {isa = PBXBuildFile; fileRef = EB8F8797E89A4220B471E987 /* CoreLocation.framework */; };
		9EFA29AAC922497682AC86B8 /* CoreMedia.framework in Frameworks */ = {isa = PBXBuildFile; fileRef = 62FC3AA7DA29416CA74C38D0 /* CoreMedia.framework */; };
		01DFC044D9094BF5A2184C5D /* CoreMotion.framework in Frameworks */ = {isa = PBXBuildFile; fileRef = 5A8BFBBCEFFC402D8BC139B9 /* CoreMotion.framework */; };
		9CAD7B5B66B545F6A0FAA555 /* CoreText.framework in Frameworks */ = {isa = PBXBuildFile; fileRef = 51FF8BDF48CC448BA61E201C /* CoreText.framework */; };
		400DBE2ABE9A4DF9A2108DDE /* CoreVideo.framework in Frameworks */ = {isa = PBXBuildFile; fileRef = 613FA6CDD6D9478AB4741E25 /* CoreVideo.framework */; };
		5F174FD702DB49509AD301E3 /* Foundation.framework in Frameworks */ = {isa = PBXBuildFile; fileRef = C52E159B66D6405D92169C99 /* Foundation.framework */; };
		15F1420FBD7B4C8C8878229F /* MediaPlayer.framework in Frameworks */ = {isa = PBXBuildFile; fileRef = C783FE85BB49457EB90E8375 /* MediaPlayer.framework */; };
		69E37D1F500440D9BFC16DA4 /* OpenGLES.framework in Frameworks */ = {isa = PBXBuildFile; fileRef = 5CA27AFE9FC240A8BE8A2DE1 /* OpenGLES.framework */; };
		BBA65FD45BE748D4BC2652C6 /* Photos.framework in Frameworks */ = {isa = PBXBuildFile; fileRef = 283F02FD9BCA4F05888E244D /* Photos.framework */; };
		75C9087BA5524BD7AA8D09F6 /* QuartzCore.framework in Frameworks */ = {isa = PBXBuildFile; fileRef = F3473CD8D4CA41C5AD18EB81 /* QuartzCore.framework */; };
		6107A6DD7C1B4C32AB629512 /* SafariServices.framework in Frameworks */ = {isa = PBXBuildFile; fileRef = 357421499CBF445FAD3349F0 /* SafariServices.framework */; };
		111DF3169F76476DB60A700E /* Security.framework in Frameworks */ = {isa = PBXBuildFile; fileRef = B28915CB4D354076BBBDBDDE /* Security.framework */; };
		520D856F493142878CFA49C2 /* SystemConfiguration.framework in Frameworks */ = {isa = PBXBuildFile; fileRef = 41A387C1554B44BC818939F4 /* SystemConfiguration.framework */; };
		307F60A6F45D4BD6AFD92100 /* UIKit.framework in Frameworks */ = {isa = PBXBuildFile; fileRef = DC51E04432444CEB906B93BA /* UIKit.framework */; };
		0861C5ECB4AB46BC934BB443 /* libc++.dylib in Frameworks */ = {isa = PBXBuildFile; fileRef = 3326C58B94C64B91B65BCAB0 /* libc++.dylib */; };
		D41CFB1725474205895254EF /* libz.dylib in Frameworks */ = {isa = PBXBuildFile; fileRef = 9D07FB2B8D5541B6B4F7E335 /* libz.dylib */; };
		CC20AFE140144D2C9C9958FE /* UIImage+CropScaleOrientation.m in Sources */ = {isa = PBXBuildFile; fileRef = DF371DC54BD947EF899AF489 /* UIImage+CropScaleOrientation.m */; };
		BFE696A3C7784C3AB7607B28 /* CDVCamera.m in Sources */ = {isa = PBXBuildFile; fileRef = AA2C54E9B648486E914DBC80 /* CDVCamera.m */; };
		33B7DDF6745D42A886421818 /* CDVJpegHeaderWriter.m in Sources */ = {isa = PBXBuildFile; fileRef = 523F2CCF237E4DF99B7DF1F7 /* CDVJpegHeaderWriter.m */; };
		9C7BD709A1BF46BDAD13F13D /* ImageIO.framework in Frameworks */ = {isa = PBXBuildFile; fileRef = B8A6D55487A642D28406D823 /* ImageIO.framework */; settings = {ATTRIBUTES = (Weak, ); }; };
		80D4420508F946BEBB736ED0 /* CDVLogger.m in Sources */ = {isa = PBXBuildFile; fileRef = A208E7E8345F48339384C2D3 /* CDVLogger.m */; };
		BC6D38F8B7CE47588441425D /* CDVDevice.m in Sources */ = {isa = PBXBuildFile; fileRef = 856E21E823FC470E832AF94A /* CDVDevice.m */; };
		A139B1A8861641D2809958E0 /* NativeStorage.m in Sources */ = {isa = PBXBuildFile; fileRef = 2FC45C10E53D4B37840FA2F1 /* NativeStorage.m */; };
		D9B9E47989934CEEA4445319 /* CDVSplashScreen.m in Sources */ = {isa = PBXBuildFile; fileRef = FE7F74968E834C318129341C /* CDVSplashScreen.m */; };
		B655B14C423E4DC4815CFD42 /* CDVViewController+SplashScreen.m in Sources */ = {isa = PBXBuildFile; fileRef = 62A3B34382174C959FF6EEC4 /* CDVViewController+SplashScreen.m */; };
		2F9E9DDE0123456A94A2D1B7 /* CDVStatusBar.m in Sources */ = {isa = PBXBuildFile; fileRef = 78620D7995BE481B8B6F4724 /* CDVStatusBar.m */; };
		75EC97CCC5F74ADAA55AF740 /* IonicKeyboard.m in Sources */ = {isa = PBXBuildFile; fileRef = 19BA788BC9154BFE9AC35C6D /* IonicKeyboard.m */; };
		60A043A0F66D47BCBE74AF04 /* FacebookConnectPlugin.m in Sources */ = {isa = PBXBuildFile; fileRef = B1E0656B748D4779885C85C7 /* FacebookConnectPlugin.m */; };
		1D5A7C4760214C18ABFC0D0D /* FacebookSDK.framework in Frameworks */ = {isa = PBXBuildFile; fileRef = 1A9D9022B4014650938AAC8E /* FacebookSDK.framework */; };
		C71A3F155AFE41589C5103B3 /* libsqlite3.dylib in Frameworks */ = {isa = PBXBuildFile; fileRef = 3F75BDBFA12F4E0BA025470D /* libsqlite3.dylib */; };
		FA1AB7B50F9441F2A7F1F550 /* Social.framework in Frameworks */ = {isa = PBXBuildFile; fileRef = 9E4DBF336E624BE498A148F0 /* Social.framework */; settings = {ATTRIBUTES = (Weak, ); }; };
		C5BB1B1DE2574C7B82321240 /* Accounts.framework in Frameworks */ = {isa = PBXBuildFile; fileRef = FAB82A61FB884B88B9AC83C1 /* Accounts.framework */; settings = {ATTRIBUTES = (Weak, ); }; };
/* End PBXBuildFile section */

/* Begin PBXContainerItemProxy section */
		301BF534109A57CC0062928A /* PBXContainerItemProxy */ = {
			isa = PBXContainerItemProxy;
			containerPortal = 301BF52D109A57CC0062928A /* CordovaLib.xcodeproj */;
			proxyType = 2;
			remoteGlobalIDString = D2AAC07E0554694100DB518D;
			remoteInfo = CordovaLib;
		};
		301BF550109A68C00062928A /* PBXContainerItemProxy */ = {
			isa = PBXContainerItemProxy;
			containerPortal = 301BF52D109A57CC0062928A /* CordovaLib.xcodeproj */;
			proxyType = 1;
			remoteGlobalIDString = D2AAC07D0554694100DB518D;
			remoteInfo = CordovaLib;
		};
/* End PBXContainerItemProxy section */

/* Begin PBXFileReference section */
		0207DA571B56EA530066E2B4 /* Images.xcassets */ = {isa = PBXFileReference; lastKnownFileType = folder.assetcatalog; name = Images.xcassets; path = "Spect-AR/Images.xcassets"; sourceTree = SOURCE_ROOT; };
		1D3623240D0F684500981E51 /* AppDelegate.h */ = {isa = PBXFileReference; fileEncoding = 4; lastKnownFileType = sourcecode.c.h; path = AppDelegate.h; sourceTree = "<group>"; };
		1D3623250D0F684500981E51 /* AppDelegate.m */ = {isa = PBXFileReference; fileEncoding = 4; lastKnownFileType = sourcecode.c.objc; path = AppDelegate.m; sourceTree = "<group>"; };
		1D6058910D05DD3D006BFB54 /* Spect-AR.app */ = {isa = PBXFileReference; explicitFileType = wrapper.application; includeInIndex = 0; path = "Spect-AR.app"; sourceTree = BUILT_PRODUCTS_DIR; };
		29B97316FDCFA39411CA2CEA /* main.m */ = {isa = PBXFileReference; fileEncoding = 4; lastKnownFileType = sourcecode.c.objc; path = main.m; sourceTree = "<group>"; };
		301BF52D109A57CC0062928A /* CordovaLib.xcodeproj */ = {isa = PBXFileReference; lastKnownFileType = "wrapper.pb-project"; name = CordovaLib.xcodeproj; path = CordovaLib/CordovaLib.xcodeproj; sourceTree = "<group>"; };
		301BF56E109A69640062928A /* www */ = {isa = PBXFileReference; lastKnownFileType = folder; path = www; sourceTree = SOURCE_ROOT; };
		302D95EE14D2391D003F00A1 /* MainViewController.h */ = {isa = PBXFileReference; fileEncoding = 4; lastKnownFileType = sourcecode.c.h; path = MainViewController.h; sourceTree = "<group>"; };
		302D95EF14D2391D003F00A1 /* MainViewController.m */ = {isa = PBXFileReference; fileEncoding = 4; lastKnownFileType = sourcecode.c.objc; path = MainViewController.m; sourceTree = "<group>"; };
		302D95F014D2391D003F00A1 /* MainViewController.xib */ = {isa = PBXFileReference; fileEncoding = 4; lastKnownFileType = file.xib; path = MainViewController.xib; sourceTree = "<group>"; };
		3047A50F1AB8059700498E2A /* build-debug.xcconfig */ = {isa = PBXFileReference; fileEncoding = 4; lastKnownFileType = text.xcconfig; name = "build-debug.xcconfig"; path = cordova/build-debug.xcconfig; sourceTree = SOURCE_ROOT; };
		3047A5101AB8059700498E2A /* build-release.xcconfig */ = {isa = PBXFileReference; fileEncoding = 4; lastKnownFileType = text.xcconfig; name = "build-release.xcconfig"; path = cordova/build-release.xcconfig; sourceTree = SOURCE_ROOT; };
		3047A5111AB8059700498E2A /* build.xcconfig */ = {isa = PBXFileReference; fileEncoding = 4; lastKnownFileType = text.xcconfig; name = build.xcconfig; path = cordova/build.xcconfig; sourceTree = SOURCE_ROOT; };
		32CA4F630368D1EE00C91783 /* Spect-AR-Prefix.pch */ = {isa = PBXFileReference; fileEncoding = 4; lastKnownFileType = sourcecode.c.h; path = "Spect-AR-Prefix.pch"; sourceTree = "<group>"; };
		6AFF5BF81D6E424B00AB3073 /* CDVLaunchScreen.storyboard */ = {isa = PBXFileReference; fileEncoding = 4; lastKnownFileType = file.storyboard; name = CDVLaunchScreen.storyboard; path = "Spect-AR/CDVLaunchScreen.storyboard"; sourceTree = SOURCE_ROOT; };
		8D1107310486CEB800E47090 /* Spect-AR-Info.plist */ = {isa = PBXFileReference; fileEncoding = 4; lastKnownFileType = text.plist.xml; name = "Spect-AR-Info.plist"; path = "Spect-AR/Spect-AR-Info.plist"; plistStructureDefinitionIdentifier = "com.apple.xcode.plist.structure-definition.iphone.info-plist"; sourceTree = SOURCE_ROOT; };
		EB87FDF31871DA8E0020F90C /* www */ = {isa = PBXFileReference; lastKnownFileType = folder; name = www; path = ../../www; sourceTree = "<group>"; };
		EB87FDF41871DAF40020F90C /* config.xml */ = {isa = PBXFileReference; lastKnownFileType = text.xml; name = config.xml; path = ../../config.xml; sourceTree = "<group>"; };
		F840E1F0165FE0F500CFE078 /* config.xml */ = {isa = PBXFileReference; lastKnownFileType = text.xml; name = config.xml; path = "Spect-AR/config.xml"; sourceTree = "<group>"; };
		ED33DF2A687741AEAF9F8254 /* Bridging-Header.h */ = {isa = PBXFileReference; fileEncoding = 4; lastKnownFileType = sourcecode.c.h; name = "Bridging-Header.h"; path = "Bridging-Header.h"; sourceTree = "<group>"; };
		1049CA4C076842BEB6018491 /* WTWikitudePlugin.m */ = {isa = PBXFileReference; name = "WTWikitudePlugin.m"; path = "com.wikitude.phonegap.WikitudePlugin/WTWikitudePlugin.m"; sourceTree = "<group>"; fileEncoding = 4; lastKnownFileType = sourcecode.c.objc; explicitFileType = undefined; includeInIndex = 0; };
		28D854A897D74A57A447B0A7 /* WTARViewController.m */ = {isa = PBXFileReference; name = "WTARViewController.m"; path = "com.wikitude.phonegap.WikitudePlugin/WTARViewController.m"; sourceTree = "<group>"; fileEncoding = 4; lastKnownFileType = sourcecode.c.objc; explicitFileType = undefined; includeInIndex = 0; };
		4609322E4EA24A13AD2EA2BA /* libWikitudeSDK.a */ = {isa = PBXFileReference; name = "libWikitudeSDK.a"; path = "Spect-AR/Plugins/com.wikitude.phonegap.WikitudePlugin/libWikitudeSDK.a"; sourceTree = "<group>"; fileEncoding = undefined; lastKnownFileType = archive.ar; explicitFileType = undefined; includeInIndex = 0; };
		7F58FCF5523849DBBDA9367F /* libWikitudeSDK-simulator.a */ = {isa = PBXFileReference; name = "libWikitudeSDK-simulator.a"; path = "Spect-AR/Plugins/com.wikitude.phonegap.WikitudePlugin/libWikitudeSDK-simulator.a"; sourceTree = "<group>"; fileEncoding = undefined; lastKnownFileType = archive.ar; explicitFileType = undefined; includeInIndex = 0; };
		818EFA72DFEB4DE7BC69D8FE /* WTWikitudePlugin.h */ = {isa = PBXFileReference; name = "WTWikitudePlugin.h"; path = "com.wikitude.phonegap.WikitudePlugin/WTWikitudePlugin.h"; sourceTree = "<group>"; fileEncoding = 4; lastKnownFileType = sourcecode.c.h; explicitFileType = undefined; includeInIndex = 0; };
		F4AC0B7C613847D59320E7C3 /* WTARViewController.h */ = {isa = PBXFileReference; name = "WTARViewController.h"; path = "com.wikitude.phonegap.WikitudePlugin/WTARViewController.h"; sourceTree = "<group>"; fileEncoding = 4; lastKnownFileType = sourcecode.c.h; explicitFileType = undefined; includeInIndex = 0; };
		E74D664819B04DC7AE485979 /* WikitudeSDK.h */ = {isa = PBXFileReference; name = "WikitudeSDK.h"; path = "com.wikitude.phonegap.WikitudePlugin/WikitudeSDK.h"; sourceTree = "<group>"; fileEncoding = 4; lastKnownFileType = sourcecode.c.h; explicitFileType = undefined; includeInIndex = 0; };
		9F7E61D1870942658EDEE2FE /* WTArchitectView.h */ = {isa = PBXFileReference; name = "WTArchitectView.h"; path = "com.wikitude.phonegap.WikitudePlugin/WTArchitectView.h"; sourceTree = "<group>"; fileEncoding = 4; lastKnownFileType = sourcecode.c.h; explicitFileType = undefined; includeInIndex = 0; };
		9F8AC9BF715549989D8D0B89 /* WTNavigation.h */ = {isa = PBXFileReference; name = "WTNavigation.h"; path = "com.wikitude.phonegap.WikitudePlugin/WTNavigation.h"; sourceTree = "<group>"; fileEncoding = 4; lastKnownFileType = sourcecode.c.h; explicitFileType = undefined; includeInIndex = 0; };
		EE967F754D234C26A1356F84 /* WTStartupConfiguration.h */ = {isa = PBXFileReference; name = "WTStartupConfiguration.h"; path = "com.wikitude.phonegap.WikitudePlugin/WTStartupConfiguration.h"; sourceTree = "<group>"; fileEncoding = 4; lastKnownFileType = sourcecode.c.h; explicitFileType = undefined; includeInIndex = 0; };
		8128843B941E49E3925FC791 /* WTArchitectStartupConfiguration.h */ = {isa = PBXFileReference; name = "WTArchitectStartupConfiguration.h"; path = "com.wikitude.phonegap.WikitudePlugin/WTArchitectStartupConfiguration.h"; sourceTree = "<group>"; fileEncoding = 4; lastKnownFileType = sourcecode.c.h; explicitFileType = undefined; includeInIndex = 0; };
		68B24F2299B5485A8512A171 /* WTSDKBuildInformation.h */ = {isa = PBXFileReference; name = "WTSDKBuildInformation.h"; path = "com.wikitude.phonegap.WikitudePlugin/WTSDKBuildInformation.h"; sourceTree = "<group>"; fileEncoding = 4; lastKnownFileType = sourcecode.c.h; explicitFileType = undefined; includeInIndex = 0; };
		2A8B75A380F74E18AE13CB5B /* WTArchitectViewDebugDelegate.h */ = {isa = PBXFileReference; name = "WTArchitectViewDebugDelegate.h"; path = "com.wikitude.phonegap.WikitudePlugin/WTArchitectViewDebugDelegate.h"; sourceTree = "<group>"; fileEncoding = 4; lastKnownFileType = sourcecode.c.h; explicitFileType = undefined; includeInIndex = 0; };
		000429F7C4C649B990408D58 /* WTAuthorizationRequestManager.h */ = {isa = PBXFileReference; name = "WTAuthorizationRequestManager.h"; path = "com.wikitude.phonegap.WikitudePlugin/WTAuthorizationRequestManager.h"; sourceTree = "<group>"; fileEncoding = 4; lastKnownFileType = sourcecode.c.h; explicitFileType = undefined; includeInIndex = 0; };
		585971B995C7403A82A9EDF3 /* WTWikitudeTypes.h */ = {isa = PBXFileReference; name = "WTWikitudeTypes.h"; path = "com.wikitude.phonegap.WikitudePlugin/WTWikitudeTypes.h"; sourceTree = "<group>"; fileEncoding = 4; lastKnownFileType = sourcecode.c.h; explicitFileType = undefined; includeInIndex = 0; };
		972E96647EAD44C6BE12B334 /* Accelerate.framework */ = {isa = PBXFileReference; name = "Accelerate.framework"; path = "System/Library/Frameworks/Accelerate.framework"; sourceTree = SDKROOT; fileEncoding = undefined; lastKnownFileType = wrapper.framework; explicitFileType = undefined; includeInIndex = 0; };
		84ADBE235B9E4804ACD5DBFD /* AVFoundation.framework */ = {isa = PBXFileReference; name = "AVFoundation.framework"; path = "System/Library/Frameworks/AVFoundation.framework"; sourceTree = SDKROOT; fileEncoding = undefined; lastKnownFileType = wrapper.framework; explicitFileType = undefined; includeInIndex = 0; };
		E46C8E43526F46608DC2B436 /* CFNetwork.framework */ = {isa = PBXFileReference; name = "CFNetwork.framework"; path = "System/Library/Frameworks/CFNetwork.framework"; sourceTree = SDKROOT; fileEncoding = undefined; lastKnownFileType = wrapper.framework; explicitFileType = undefined; includeInIndex = 0; };
		EB8F8797E89A4220B471E987 /* CoreLocation.framework */ = {isa = PBXFileReference; name = "CoreLocation.framework"; path = "System/Library/Frameworks/CoreLocation.framework"; sourceTree = SDKROOT; fileEncoding = undefined; lastKnownFileType = wrapper.framework; explicitFileType = undefined; includeInIndex = 0; };
		62FC3AA7DA29416CA74C38D0 /* CoreMedia.framework */ = {isa = PBXFileReference; name = "CoreMedia.framework"; path = "System/Library/Frameworks/CoreMedia.framework"; sourceTree = SDKROOT; fileEncoding = undefined; lastKnownFileType = wrapper.framework; explicitFileType = undefined; includeInIndex = 0; };
		5A8BFBBCEFFC402D8BC139B9 /* CoreMotion.framework */ = {isa = PBXFileReference; name = "CoreMotion.framework"; path = "System/Library/Frameworks/CoreMotion.framework"; sourceTree = SDKROOT; fileEncoding = undefined; lastKnownFileType = wrapper.framework; explicitFileType = undefined; includeInIndex = 0; };
		51FF8BDF48CC448BA61E201C /* CoreText.framework */ = {isa = PBXFileReference; name = "CoreText.framework"; path = "System/Library/Frameworks/CoreText.framework"; sourceTree = SDKROOT; fileEncoding = undefined; lastKnownFileType = wrapper.framework; explicitFileType = undefined; includeInIndex = 0; };
		613FA6CDD6D9478AB4741E25 /* CoreVideo.framework */ = {isa = PBXFileReference; name = "CoreVideo.framework"; path = "System/Library/Frameworks/CoreVideo.framework"; sourceTree = SDKROOT; fileEncoding = undefined; lastKnownFileType = wrapper.framework; explicitFileType = undefined; includeInIndex = 0; };
		C52E159B66D6405D92169C99 /* Foundation.framework */ = {isa = PBXFileReference; name = "Foundation.framework"; path = "System/Library/Frameworks/Foundation.framework"; sourceTree = SDKROOT; fileEncoding = undefined; lastKnownFileType = wrapper.framework; explicitFileType = undefined; includeInIndex = 0; };
		C783FE85BB49457EB90E8375 /* MediaPlayer.framework */ = {isa = PBXFileReference; name = "MediaPlayer.framework"; path = "System/Library/Frameworks/MediaPlayer.framework"; sourceTree = SDKROOT; fileEncoding = undefined; lastKnownFileType = wrapper.framework; explicitFileType = undefined; includeInIndex = 0; };
		5CA27AFE9FC240A8BE8A2DE1 /* OpenGLES.framework */ = {isa = PBXFileReference; name = "OpenGLES.framework"; path = "System/Library/Frameworks/OpenGLES.framework"; sourceTree = SDKROOT; fileEncoding = undefined; lastKnownFileType = wrapper.framework; explicitFileType = undefined; includeInIndex = 0; };
		283F02FD9BCA4F05888E244D /* Photos.framework */ = {isa = PBXFileReference; name = "Photos.framework"; path = "System/Library/Frameworks/Photos.framework"; sourceTree = SDKROOT; fileEncoding = undefined; lastKnownFileType = wrapper.framework; explicitFileType = undefined; includeInIndex = 0; };
		F3473CD8D4CA41C5AD18EB81 /* QuartzCore.framework */ = {isa = PBXFileReference; name = "QuartzCore.framework"; path = "System/Library/Frameworks/QuartzCore.framework"; sourceTree = SDKROOT; fileEncoding = undefined; lastKnownFileType = wrapper.framework; explicitFileType = undefined; includeInIndex = 0; };
		357421499CBF445FAD3349F0 /* SafariServices.framework */ = {isa = PBXFileReference; name = "SafariServices.framework"; path = "System/Library/Frameworks/SafariServices.framework"; sourceTree = SDKROOT; fileEncoding = undefined; lastKnownFileType = wrapper.framework; explicitFileType = undefined; includeInIndex = 0; };
		B28915CB4D354076BBBDBDDE /* Security.framework */ = {isa = PBXFileReference; name = "Security.framework"; path = "System/Library/Frameworks/Security.framework"; sourceTree = SDKROOT; fileEncoding = undefined; lastKnownFileType = wrapper.framework; explicitFileType = undefined; includeInIndex = 0; };
		41A387C1554B44BC818939F4 /* SystemConfiguration.framework */ = {isa = PBXFileReference; name = "SystemConfiguration.framework"; path = "System/Library/Frameworks/SystemConfiguration.framework"; sourceTree = SDKROOT; fileEncoding = undefined; lastKnownFileType = wrapper.framework; explicitFileType = undefined; includeInIndex = 0; };
		DC51E04432444CEB906B93BA /* UIKit.framework */ = {isa = PBXFileReference; name = "UIKit.framework"; path = "System/Library/Frameworks/UIKit.framework"; sourceTree = SDKROOT; fileEncoding = undefined; lastKnownFileType = wrapper.framework; explicitFileType = undefined; includeInIndex = 0; };
		3326C58B94C64B91B65BCAB0 /* libc++.dylib */ = {isa = PBXFileReference; name = "libc++.dylib"; path = "usr/lib/libc++.dylib"; sourceTree = SDKROOT; fileEncoding = undefined; lastKnownFileType = compiled.mach-o.dylib; explicitFileType = undefined; includeInIndex = 0; };
		9D07FB2B8D5541B6B4F7E335 /* libz.dylib */ = {isa = PBXFileReference; name = "libz.dylib"; path = "usr/lib/libz.dylib"; sourceTree = SDKROOT; fileEncoding = undefined; lastKnownFileType = compiled.mach-o.dylib; explicitFileType = undefined; includeInIndex = 0; };
		DF371DC54BD947EF899AF489 /* UIImage+CropScaleOrientation.m */ = {isa = PBXFileReference; name = "UIImage+CropScaleOrientation.m"; path = "cordova-plugin-camera/UIImage+CropScaleOrientation.m"; sourceTree = "<group>"; fileEncoding = 4; lastKnownFileType = sourcecode.c.objc; explicitFileType = undefined; includeInIndex = 0; };
		AA2C54E9B648486E914DBC80 /* CDVCamera.m */ = {isa = PBXFileReference; name = "CDVCamera.m"; path = "cordova-plugin-camera/CDVCamera.m"; sourceTree = "<group>"; fileEncoding = 4; lastKnownFileType = sourcecode.c.objc; explicitFileType = undefined; includeInIndex = 0; };
		523F2CCF237E4DF99B7DF1F7 /* CDVJpegHeaderWriter.m */ = {isa = PBXFileReference; name = "CDVJpegHeaderWriter.m"; path = "cordova-plugin-camera/CDVJpegHeaderWriter.m"; sourceTree = "<group>"; fileEncoding = 4; lastKnownFileType = sourcecode.c.objc; explicitFileType = undefined; includeInIndex = 0; };
		CFA4BD3EE9424A43832D707D /* UIImage+CropScaleOrientation.h */ = {isa = PBXFileReference; name = "UIImage+CropScaleOrientation.h"; path = "cordova-plugin-camera/UIImage+CropScaleOrientation.h"; sourceTree = "<group>"; fileEncoding = 4; lastKnownFileType = sourcecode.c.h; explicitFileType = undefined; includeInIndex = 0; };
		F6FECED47B7D48B0A50CFEC2 /* CDVCamera.h */ = {isa = PBXFileReference; name = "CDVCamera.h"; path = "cordova-plugin-camera/CDVCamera.h"; sourceTree = "<group>"; fileEncoding = 4; lastKnownFileType = sourcecode.c.h; explicitFileType = undefined; includeInIndex = 0; };
		9577D520BABF40F8A65C2102 /* CDVJpegHeaderWriter.h */ = {isa = PBXFileReference; name = "CDVJpegHeaderWriter.h"; path = "cordova-plugin-camera/CDVJpegHeaderWriter.h"; sourceTree = "<group>"; fileEncoding = 4; lastKnownFileType = sourcecode.c.h; explicitFileType = undefined; includeInIndex = 0; };
		53D7512BF5B048C8867A3EDA /* CDVExif.h */ = {isa = PBXFileReference; name = "CDVExif.h"; path = "cordova-plugin-camera/CDVExif.h"; sourceTree = "<group>"; fileEncoding = 4; lastKnownFileType = sourcecode.c.h; explicitFileType = undefined; includeInIndex = 0; };
		B8A6D55487A642D28406D823 /* ImageIO.framework */ = {isa = PBXFileReference; name = "ImageIO.framework"; path = "System/Library/Frameworks/ImageIO.framework"; sourceTree = SDKROOT; fileEncoding = undefined; lastKnownFileType = wrapper.framework; explicitFileType = undefined; includeInIndex = 0; };
		A208E7E8345F48339384C2D3 /* CDVLogger.m */ = {isa = PBXFileReference; name = "CDVLogger.m"; path = "cordova-plugin-console/CDVLogger.m"; sourceTree = "<group>"; fileEncoding = 4; lastKnownFileType = sourcecode.c.objc; explicitFileType = undefined; includeInIndex = 0; };
		A0768846F2234E418A12814D /* CDVLogger.h */ = {isa = PBXFileReference; name = "CDVLogger.h"; path = "cordova-plugin-console/CDVLogger.h"; sourceTree = "<group>"; fileEncoding = 4; lastKnownFileType = sourcecode.c.h; explicitFileType = undefined; includeInIndex = 0; };
		856E21E823FC470E832AF94A /* CDVDevice.m */ = {isa = PBXFileReference; name = "CDVDevice.m"; path = "cordova-plugin-device/CDVDevice.m"; sourceTree = "<group>"; fileEncoding = 4; lastKnownFileType = sourcecode.c.objc; explicitFileType = undefined; includeInIndex = 0; };
		9D629FA57730428184FE956D /* CDVDevice.h */ = {isa = PBXFileReference; name = "CDVDevice.h"; path = "cordova-plugin-device/CDVDevice.h"; sourceTree = "<group>"; fileEncoding = 4; lastKnownFileType = sourcecode.c.h; explicitFileType = undefined; includeInIndex = 0; };
		2FC45C10E53D4B37840FA2F1 /* NativeStorage.m */ = {isa = PBXFileReference; name = "NativeStorage.m"; path = "cordova-plugin-nativestorage/NativeStorage.m"; sourceTree = "<group>"; fileEncoding = 4; lastKnownFileType = sourcecode.c.objc; explicitFileType = undefined; includeInIndex = 0; };
		73A9D7B6117343299F64F657 /* NativeStorage.h */ = {isa = PBXFileReference; name = "NativeStorage.h"; path = "cordova-plugin-nativestorage/NativeStorage.h"; sourceTree = "<group>"; fileEncoding = 4; lastKnownFileType = sourcecode.c.h; explicitFileType = undefined; includeInIndex = 0; };
		FE7F74968E834C318129341C /* CDVSplashScreen.m */ = {isa = PBXFileReference; name = "CDVSplashScreen.m"; path = "cordova-plugin-splashscreen/CDVSplashScreen.m"; sourceTree = "<group>"; fileEncoding = 4; lastKnownFileType = sourcecode.c.objc; explicitFileType = undefined; includeInIndex = 0; };
		62A3B34382174C959FF6EEC4 /* CDVViewController+SplashScreen.m */ = {isa = PBXFileReference; name = "CDVViewController+SplashScreen.m"; path = "cordova-plugin-splashscreen/CDVViewController+SplashScreen.m"; sourceTree = "<group>"; fileEncoding = 4; lastKnownFileType = sourcecode.c.objc; explicitFileType = undefined; includeInIndex = 0; };
		5A7B54A7D92646B0A81D68CD /* CDVSplashScreen.h */ = {isa = PBXFileReference; name = "CDVSplashScreen.h"; path = "cordova-plugin-splashscreen/CDVSplashScreen.h"; sourceTree = "<group>"; fileEncoding = 4; lastKnownFileType = sourcecode.c.h; explicitFileType = undefined; includeInIndex = 0; };
		043B3B4375DC483385BDC50F /* CDVViewController+SplashScreen.h */ = {isa = PBXFileReference; name = "CDVViewController+SplashScreen.h"; path = "cordova-plugin-splashscreen/CDVViewController+SplashScreen.h"; sourceTree = "<group>"; fileEncoding = 4; lastKnownFileType = sourcecode.c.h; explicitFileType = undefined; includeInIndex = 0; };
		78620D7995BE481B8B6F4724 /* CDVStatusBar.m */ = {isa = PBXFileReference; name = "CDVStatusBar.m"; path = "cordova-plugin-statusbar/CDVStatusBar.m"; sourceTree = "<group>"; fileEncoding = 4; lastKnownFileType = sourcecode.c.objc; explicitFileType = undefined; includeInIndex = 0; };
		55ABEC48CF63469FB13E2A13 /* CDVStatusBar.h */ = {isa = PBXFileReference; name = "CDVStatusBar.h"; path = "cordova-plugin-statusbar/CDVStatusBar.h"; sourceTree = "<group>"; fileEncoding = 4; lastKnownFileType = sourcecode.c.h; explicitFileType = undefined; includeInIndex = 0; };
		19BA788BC9154BFE9AC35C6D /* IonicKeyboard.m */ = {isa = PBXFileReference; name = "IonicKeyboard.m"; path = "ionic-plugin-keyboard/IonicKeyboard.m"; sourceTree = "<group>"; fileEncoding = 4; lastKnownFileType = sourcecode.c.objc; explicitFileType = undefined; includeInIndex = 0; };
		35FE2853A054480D898C18E3 /* IonicKeyboard.h */ = {isa = PBXFileReference; name = "IonicKeyboard.h"; path = "ionic-plugin-keyboard/IonicKeyboard.h"; sourceTree = "<group>"; fileEncoding = 4; lastKnownFileType = sourcecode.c.h; explicitFileType = undefined; includeInIndex = 0; };
		B1E0656B748D4779885C85C7 /* FacebookConnectPlugin.m */ = {isa = PBXFileReference; name = "FacebookConnectPlugin.m"; path = "phonegap-facebook-plugin/FacebookConnectPlugin.m"; sourceTree = "<group>"; fileEncoding = 4; lastKnownFileType = sourcecode.c.objc; explicitFileType = undefined; includeInIndex = 0; };
		65111FD9A48C4A6684E2A231 /* FacebookConnectPlugin.h */ = {isa = PBXFileReference; name = "FacebookConnectPlugin.h"; path = "phonegap-facebook-plugin/FacebookConnectPlugin.h"; sourceTree = "<group>"; fileEncoding = 4; lastKnownFileType = sourcecode.c.h; explicitFileType = undefined; includeInIndex = 0; };
		1A9D9022B4014650938AAC8E /* FacebookSDK.framework */ = {isa = PBXFileReference; name = "FacebookSDK.framework"; path = "Spect-AR/Plugins/phonegap-facebook-plugin/FacebookSDK.framework"; sourceTree = "<group>"; fileEncoding = undefined; lastKnownFileType = wrapper.framework; explicitFileType = undefined; includeInIndex = 0; };
		3F75BDBFA12F4E0BA025470D /* libsqlite3.dylib */ = {isa = PBXFileReference; name = "libsqlite3.dylib"; path = "usr/lib/libsqlite3.dylib"; sourceTree = SDKROOT; fileEncoding = undefined; lastKnownFileType = compiled.mach-o.dylib; explicitFileType = undefined; includeInIndex = 0; };
		9E4DBF336E624BE498A148F0 /* Social.framework */ = {isa = PBXFileReference; name = "Social.framework"; path = "System/Library/Frameworks/Social.framework"; sourceTree = SDKROOT; fileEncoding = undefined; lastKnownFileType = wrapper.framework; explicitFileType = undefined; includeInIndex = 0; };
		FAB82A61FB884B88B9AC83C1 /* Accounts.framework */ = {isa = PBXFileReference; name = "Accounts.framework"; path = "System/Library/Frameworks/Accounts.framework"; sourceTree = SDKROOT; fileEncoding = undefined; lastKnownFileType = wrapper.framework; explicitFileType = undefined; includeInIndex = 0; };
/* End PBXFileReference section */

/* Begin PBXFrameworksBuildPhase section */
		1D60588F0D05DD3D006BFB54 /* Frameworks */ = {
			isa = PBXFrameworksBuildPhase;
			buildActionMask = 2147483647;
			files = (
				301BF552109A68D80062928A /* libCordova.a in Frameworks */,
				89F3D03BF08F424FBD4C8261 /* libWikitudeSDK.a in Frameworks */,
				8B22A5D81BE2402E835C0682 /* libWikitudeSDK-simulator.a in Frameworks */,
				4B18CD5FC86647CE98BFCBC5 /* Accelerate.framework in Frameworks */,
				26B9E9DB2EA04EC193310E83 /* AVFoundation.framework in Frameworks */,
				36C0ED710829431081434CC5 /* CFNetwork.framework in Frameworks */,
				6D57C66291954BE1A3799247 /* CoreLocation.framework in Frameworks */,
				9EFA29AAC922497682AC86B8 /* CoreMedia.framework in Frameworks */,
				01DFC044D9094BF5A2184C5D /* CoreMotion.framework in Frameworks */,
				9CAD7B5B66B545F6A0FAA555 /* CoreText.framework in Frameworks */,
				400DBE2ABE9A4DF9A2108DDE /* CoreVideo.framework in Frameworks */,
				5F174FD702DB49509AD301E3 /* Foundation.framework in Frameworks */,
				15F1420FBD7B4C8C8878229F /* MediaPlayer.framework in Frameworks */,
				69E37D1F500440D9BFC16DA4 /* OpenGLES.framework in Frameworks */,
				BBA65FD45BE748D4BC2652C6 /* Photos.framework in Frameworks */,
				75C9087BA5524BD7AA8D09F6 /* QuartzCore.framework in Frameworks */,
				6107A6DD7C1B4C32AB629512 /* SafariServices.framework in Frameworks */,
				111DF3169F76476DB60A700E /* Security.framework in Frameworks */,
				520D856F493142878CFA49C2 /* SystemConfiguration.framework in Frameworks */,
				307F60A6F45D4BD6AFD92100 /* UIKit.framework in Frameworks */,
				0861C5ECB4AB46BC934BB443 /* libc++.dylib in Frameworks */,
				D41CFB1725474205895254EF /* libz.dylib in Frameworks */,
				9C7BD709A1BF46BDAD13F13D /* ImageIO.framework in Frameworks */,
				1D5A7C4760214C18ABFC0D0D /* FacebookSDK.framework in Frameworks */,
				C71A3F155AFE41589C5103B3 /* libsqlite3.dylib in Frameworks */,
				FA1AB7B50F9441F2A7F1F550 /* Social.framework in Frameworks */,
				C5BB1B1DE2574C7B82321240 /* Accounts.framework in Frameworks */,
			);
			runOnlyForDeploymentPostprocessing = 0;
		};
/* End PBXFrameworksBuildPhase section */

/* Begin PBXGroup section */
		080E96DDFE201D6D7F000001 /* Classes */ = {
			isa = PBXGroup;
			children = (
				302D95EE14D2391D003F00A1 /* MainViewController.h */,
				302D95EF14D2391D003F00A1 /* MainViewController.m */,
				302D95F014D2391D003F00A1 /* MainViewController.xib */,
				1D3623240D0F684500981E51 /* AppDelegate.h */,
				1D3623250D0F684500981E51 /* AppDelegate.m */,
			);
			name = Classes;
			path = "Spect-AR/Classes";
			sourceTree = SOURCE_ROOT;
		};
		19C28FACFE9D520D11CA2CBB /* Products */ = {
			isa = PBXGroup;
			children = (
				1D6058910D05DD3D006BFB54 /* Spect-AR.app */,
			);
			name = Products;
			sourceTree = "<group>";
		};
		29B97314FDCFA39411CA2CEA /* CustomTemplate */ = {
			isa = PBXGroup;
			children = (
				EB87FDF41871DAF40020F90C /* config.xml */,
				EB87FDF31871DA8E0020F90C /* www */,
				EB87FDF11871DA420020F90C /* Staging */,
				301BF52D109A57CC0062928A /* CordovaLib.xcodeproj */,
				080E96DDFE201D6D7F000001 /* Classes */,
				307C750510C5A3420062BCA9 /* Plugins */,
				29B97315FDCFA39411CA2CEA /* Other Sources */,
				29B97317FDCFA39411CA2CEA /* Resources */,
				29B97323FDCFA39411CA2CEA /* Frameworks */,
				19C28FACFE9D520D11CA2CBB /* Products */,
			);
			name = CustomTemplate;
			sourceTree = "<group>";
		};
		29B97315FDCFA39411CA2CEA /* Other Sources */ = {
			isa = PBXGroup;
			children = (
				32CA4F630368D1EE00C91783 /* Spect-AR-Prefix.pch */,
				29B97316FDCFA39411CA2CEA /* main.m */,
				ED33DF2A687741AEAF9F8254 /* Bridging-Header.h */,
			);
			name = "Other Sources";
			path = "Spect-AR";
			sourceTree = "<group>";
		};
		29B97317FDCFA39411CA2CEA /* Resources */ = {
			isa = PBXGroup;
			children = (
				0207DA571B56EA530066E2B4 /* Images.xcassets */,
				3047A50E1AB8057F00498E2A /* config */,
				8D1107310486CEB800E47090 /* Spect-AR-Info.plist */,
				6AFF5BF81D6E424B00AB3073 /* CDVLaunchScreen.storyboard */,
			);
			name = Resources;
			path = "Spect-AR/Resources";
			sourceTree = "<group>";
		};
		29B97323FDCFA39411CA2CEA /* Frameworks */ = {
			isa = PBXGroup;
			children = (
				4609322E4EA24A13AD2EA2BA /* libWikitudeSDK.a */,
				7F58FCF5523849DBBDA9367F /* libWikitudeSDK-simulator.a */,
				972E96647EAD44C6BE12B334 /* Accelerate.framework */,
				84ADBE235B9E4804ACD5DBFD /* AVFoundation.framework */,
				E46C8E43526F46608DC2B436 /* CFNetwork.framework */,
				EB8F8797E89A4220B471E987 /* CoreLocation.framework */,
				62FC3AA7DA29416CA74C38D0 /* CoreMedia.framework */,
				5A8BFBBCEFFC402D8BC139B9 /* CoreMotion.framework */,
				51FF8BDF48CC448BA61E201C /* CoreText.framework */,
				613FA6CDD6D9478AB4741E25 /* CoreVideo.framework */,
				C52E159B66D6405D92169C99 /* Foundation.framework */,
				C783FE85BB49457EB90E8375 /* MediaPlayer.framework */,
				5CA27AFE9FC240A8BE8A2DE1 /* OpenGLES.framework */,
				283F02FD9BCA4F05888E244D /* Photos.framework */,
				F3473CD8D4CA41C5AD18EB81 /* QuartzCore.framework */,
				357421499CBF445FAD3349F0 /* SafariServices.framework */,
				B28915CB4D354076BBBDBDDE /* Security.framework */,
				41A387C1554B44BC818939F4 /* SystemConfiguration.framework */,
				DC51E04432444CEB906B93BA /* UIKit.framework */,
				3326C58B94C64B91B65BCAB0 /* libc++.dylib */,
				9D07FB2B8D5541B6B4F7E335 /* libz.dylib */,
				B8A6D55487A642D28406D823 /* ImageIO.framework */,
				1A9D9022B4014650938AAC8E /* FacebookSDK.framework */,
				3F75BDBFA12F4E0BA025470D /* libsqlite3.dylib */,
				9E4DBF336E624BE498A148F0 /* Social.framework */,
				FAB82A61FB884B88B9AC83C1 /* Accounts.framework */,
			);
			name = Frameworks;
			sourceTree = "<group>";
		};
		301BF52E109A57CC0062928A /* Products */ = {
			isa = PBXGroup;
			children = (
				301BF535109A57CC0062928A /* libCordova.a */,
			);
			name = Products;
			sourceTree = "<group>";
		};
		3047A50E1AB8057F00498E2A /* config */ = {
			isa = PBXGroup;
			children = (
				3047A50F1AB8059700498E2A /* build-debug.xcconfig */,
				3047A5101AB8059700498E2A /* build-release.xcconfig */,
				3047A5111AB8059700498E2A /* build.xcconfig */,
			);
			name = config;
			sourceTree = "<group>";
		};
		307C750510C5A3420062BCA9 /* Plugins */ = {
			isa = PBXGroup;
			children = (
				1049CA4C076842BEB6018491 /* WTWikitudePlugin.m */,
				28D854A897D74A57A447B0A7 /* WTARViewController.m */,
				818EFA72DFEB4DE7BC69D8FE /* WTWikitudePlugin.h */,
				F4AC0B7C613847D59320E7C3 /* WTARViewController.h */,
				E74D664819B04DC7AE485979 /* WikitudeSDK.h */,
				9F7E61D1870942658EDEE2FE /* WTArchitectView.h */,
				9F8AC9BF715549989D8D0B89 /* WTNavigation.h */,
				EE967F754D234C26A1356F84 /* WTStartupConfiguration.h */,
				8128843B941E49E3925FC791 /* WTArchitectStartupConfiguration.h */,
				68B24F2299B5485A8512A171 /* WTSDKBuildInformation.h */,
				2A8B75A380F74E18AE13CB5B /* WTArchitectViewDebugDelegate.h */,
				000429F7C4C649B990408D58 /* WTAuthorizationRequestManager.h */,
				585971B995C7403A82A9EDF3 /* WTWikitudeTypes.h */,
				DF371DC54BD947EF899AF489 /* UIImage+CropScaleOrientation.m */,
				AA2C54E9B648486E914DBC80 /* CDVCamera.m */,
				523F2CCF237E4DF99B7DF1F7 /* CDVJpegHeaderWriter.m */,
				CFA4BD3EE9424A43832D707D /* UIImage+CropScaleOrientation.h */,
				F6FECED47B7D48B0A50CFEC2 /* CDVCamera.h */,
				9577D520BABF40F8A65C2102 /* CDVJpegHeaderWriter.h */,
				53D7512BF5B048C8867A3EDA /* CDVExif.h */,
				A208E7E8345F48339384C2D3 /* CDVLogger.m */,
				A0768846F2234E418A12814D /* CDVLogger.h */,
				856E21E823FC470E832AF94A /* CDVDevice.m */,
				9D629FA57730428184FE956D /* CDVDevice.h */,
				2FC45C10E53D4B37840FA2F1 /* NativeStorage.m */,
				73A9D7B6117343299F64F657 /* NativeStorage.h */,
				FE7F74968E834C318129341C /* CDVSplashScreen.m */,
				62A3B34382174C959FF6EEC4 /* CDVViewController+SplashScreen.m */,
				5A7B54A7D92646B0A81D68CD /* CDVSplashScreen.h */,
				043B3B4375DC483385BDC50F /* CDVViewController+SplashScreen.h */,
				78620D7995BE481B8B6F4724 /* CDVStatusBar.m */,
				55ABEC48CF63469FB13E2A13 /* CDVStatusBar.h */,
				19BA788BC9154BFE9AC35C6D /* IonicKeyboard.m */,
				35FE2853A054480D898C18E3 /* IonicKeyboard.h */,
				B1E0656B748D4779885C85C7 /* FacebookConnectPlugin.m */,
				65111FD9A48C4A6684E2A231 /* FacebookConnectPlugin.h */,
			);
			name = Plugins;
			path = "Spect-AR/Plugins";
			sourceTree = SOURCE_ROOT;
		};
		EB87FDF11871DA420020F90C /* Staging */ = {
			isa = PBXGroup;
			children = (
				F840E1F0165FE0F500CFE078 /* config.xml */,
				301BF56E109A69640062928A /* www */,
			);
			name = Staging;
			sourceTree = "<group>";
		};
/* End PBXGroup section */

/* Begin PBXNativeTarget section */
		1D6058900D05DD3D006BFB54 /* Spect-AR */ = {
			isa = PBXNativeTarget;
			buildConfigurationList = 1D6058960D05DD3E006BFB54 /* Build configuration list for PBXNativeTarget "Spect-AR" */;
			buildPhases = (
				304B58A110DAC018002A0835 /* Copy www directory */,
				1D60588D0D05DD3D006BFB54 /* Resources */,
				1D60588E0D05DD3D006BFB54 /* Sources */,
				1D60588F0D05DD3D006BFB54 /* Frameworks */,
			);
			buildRules = (
			);
			dependencies = (
				301BF551109A68C00062928A /* PBXTargetDependency */,
			);
			name = "Spect-AR";
			productName = "Spect-AR";
			productReference = 1D6058910D05DD3D006BFB54 /* Spect-AR.app */;
			productType = "com.apple.product-type.application";
		};
/* End PBXNativeTarget section */

/* Begin PBXProject section */
		29B97313FDCFA39411CA2CEA /* Project object */ = {
			isa = PBXProject;
			attributes = {
				LastUpgradeCheck = 510;
			};
			buildConfigurationList = C01FCF4E08A954540054247B /* Build configuration list for PBXProject "__NON-CLI__" */;
			compatibilityVersion = "Xcode 3.2";
			developmentRegion = English;
			hasScannedForEncodings = 1;
			mainGroup = 29B97314FDCFA39411CA2CEA /* CustomTemplate */;
			projectDirPath = "";
			projectReferences = (
				{
					ProductGroup = 301BF52E109A57CC0062928A /* Products */;
					ProjectRef = 301BF52D109A57CC0062928A /* CordovaLib.xcodeproj */;
				},
			);
			projectRoot = "";
			targets = (
				1D6058900D05DD3D006BFB54 /* Spect-AR */,
			);
		};
/* End PBXProject section */

/* Begin PBXReferenceProxy section */
		301BF535109A57CC0062928A /* libCordova.a */ = {
			isa = PBXReferenceProxy;
			fileType = archive.ar;
			path = libCordova.a;
			remoteRef = 301BF534109A57CC0062928A /* PBXContainerItemProxy */;
			sourceTree = BUILT_PRODUCTS_DIR;
		};
/* End PBXReferenceProxy section */

/* Begin PBXResourcesBuildPhase section */
		1D60588D0D05DD3D006BFB54 /* Resources */ = {
			isa = PBXResourcesBuildPhase;
			buildActionMask = 2147483647;
			files = (
				302D95F214D2391D003F00A1 /* MainViewController.xib in Resources */,
				0207DA581B56EA530066E2B4 /* Images.xcassets in Resources */,
				6AFF5BF91D6E424B00AB3073 /* CDVLaunchScreen.storyboard in Resources */,
			);
			runOnlyForDeploymentPostprocessing = 0;
		};
/* End PBXResourcesBuildPhase section */

/* Begin PBXShellScriptBuildPhase section */
		304B58A110DAC018002A0835 /* Copy www directory */ = {
			isa = PBXShellScriptBuildPhase;
			buildActionMask = 2147483647;
			files = (
			);
			inputPaths = (
			);
			name = "Copy www directory";
			outputPaths = (
			);
			runOnlyForDeploymentPostprocessing = 0;
			shellPath = /bin/sh;
			shellScript = "NODEJS_PATH=/usr/local/bin; NVM_NODE_PATH=~/.nvm/versions/node/`nvm version 2>/dev/null`/bin; N_NODE_PATH=`find /usr/local/n/versions/node/* -maxdepth 0 -type d 2>/dev/null | tail -1`/bin; XCODE_NODE_PATH=`xcode-select --print-path`/usr/share/xcs/Node/bin; PATH=$NODEJS_PATH:$NVM_NODE_PATH:$N_NODE_PATH:$XCODE_NODE_PATH:$PATH && node cordova/lib/copy-www-build-step.js";
			showEnvVarsInLog = 0;
		};
/* End PBXShellScriptBuildPhase section */

/* Begin PBXSourcesBuildPhase section */
		1D60588E0D05DD3D006BFB54 /* Sources */ = {
			isa = PBXSourcesBuildPhase;
			buildActionMask = 2147483647;
			files = (
				1D60589B0D05DD56006BFB54 /* main.m in Sources */,
				1D3623260D0F684500981E51 /* AppDelegate.m in Sources */,
				302D95F114D2391D003F00A1 /* MainViewController.m in Sources */,
				A9A9E62AF57149EE8D8CF748 /* WTWikitudePlugin.m in Sources */,
				CECF9D5CC1784D688EC7E0CA /* WTARViewController.m in Sources */,
				CC20AFE140144D2C9C9958FE /* UIImage+CropScaleOrientation.m in Sources */,
				BFE696A3C7784C3AB7607B28 /* CDVCamera.m in Sources */,
				33B7DDF6745D42A886421818 /* CDVJpegHeaderWriter.m in Sources */,
				80D4420508F946BEBB736ED0 /* CDVLogger.m in Sources */,
				BC6D38F8B7CE47588441425D /* CDVDevice.m in Sources */,
				A139B1A8861641D2809958E0 /* NativeStorage.m in Sources */,
				D9B9E47989934CEEA4445319 /* CDVSplashScreen.m in Sources */,
				B655B14C423E4DC4815CFD42 /* CDVViewController+SplashScreen.m in Sources */,
				2F9E9DDE0123456A94A2D1B7 /* CDVStatusBar.m in Sources */,
				75EC97CCC5F74ADAA55AF740 /* IonicKeyboard.m in Sources */,
				60A043A0F66D47BCBE74AF04 /* FacebookConnectPlugin.m in Sources */,
			);
			runOnlyForDeploymentPostprocessing = 0;
		};
/* End PBXSourcesBuildPhase section */

/* Begin PBXTargetDependency section */
		301BF551109A68C00062928A /* PBXTargetDependency */ = {
			isa = PBXTargetDependency;
			name = CordovaLib;
			targetProxy = 301BF550109A68C00062928A /* PBXContainerItemProxy */;
		};
/* End PBXTargetDependency section */

/* Begin XCBuildConfiguration section */
		1D6058940D05DD3E006BFB54 /* Debug */ = {
			isa = XCBuildConfiguration;
			baseConfigurationReference = 3047A50F1AB8059700498E2A /* build-debug.xcconfig */;
			buildSettings = {
				ALWAYS_SEARCH_USER_PATHS = NO;
				ASSETCATALOG_COMPILER_APPICON_NAME = AppIcon;
				ASSETCATALOG_COMPILER_LAUNCHIMAGE_NAME = LaunchImage;
				CLANG_ENABLE_MODULES = YES;
				CLANG_ENABLE_OBJC_ARC = YES;
				COPY_PHASE_STRIP = NO;
				GCC_DYNAMIC_NO_PIC = NO;
				GCC_OPTIMIZATION_LEVEL = 0;
				GCC_PRECOMPILE_PREFIX_HEADER = YES;
				GCC_PREFIX_HEADER = "Spect-AR/Spect-AR-Prefix.pch";
				GCC_THUMB_SUPPORT = NO;
				GCC_VERSION = "";
				INFOPLIST_FILE = "Spect-AR/Spect-AR-Info.plist";
				IPHONEOS_DEPLOYMENT_TARGET = 8.0;
				LD_RUNPATH_SEARCH_PATHS = "@executable_path/Frameworks";
				TARGETED_DEVICE_FAMILY = "1,2";
				PRODUCT_NAME = "Spect-AR";
				LIBRARY_SEARCH_PATHS = (
					"$(inherited)",
					"\"$(SRCROOT)/Spect-AR/Plugins/com.wikitude.phonegap.WikitudePlugin\"",
					"\"$(SRCROOT)/Spect-AR/Plugins/com.wikitude.phonegap.WikitudePlugin\"",
				);
				FRAMEWORK_SEARCH_PATHS = (
					"$(inherited)",
					"\"Spect-AR/Plugins/phonegap-facebook-plugin\"",
				);
			};
			name = Debug;
		};
		1D6058950D05DD3E006BFB54 /* Release */ = {
			isa = XCBuildConfiguration;
			baseConfigurationReference = 3047A5101AB8059700498E2A /* build-release.xcconfig */;
			buildSettings = {
				ALWAYS_SEARCH_USER_PATHS = NO;
				ASSETCATALOG_COMPILER_APPICON_NAME = AppIcon;
				ASSETCATALOG_COMPILER_LAUNCHIMAGE_NAME = LaunchImage;
				CLANG_ENABLE_MODULES = YES;
				CLANG_ENABLE_OBJC_ARC = YES;
				COPY_PHASE_STRIP = YES;
				GCC_PRECOMPILE_PREFIX_HEADER = YES;
				GCC_PREFIX_HEADER = "Spect-AR/Spect-AR-Prefix.pch";
				GCC_THUMB_SUPPORT = NO;
				GCC_VERSION = "";
				INFOPLIST_FILE = "Spect-AR/Spect-AR-Info.plist";
				IPHONEOS_DEPLOYMENT_TARGET = 8.0;
				LD_RUNPATH_SEARCH_PATHS = "@executable_path/Frameworks";
				TARGETED_DEVICE_FAMILY = "1,2";
				PRODUCT_NAME = "Spect-AR";
				LIBRARY_SEARCH_PATHS = (
					"$(inherited)",
					"\"$(SRCROOT)/Spect-AR/Plugins/com.wikitude.phonegap.WikitudePlugin\"",
					"\"$(SRCROOT)/Spect-AR/Plugins/com.wikitude.phonegap.WikitudePlugin\"",
				);
				FRAMEWORK_SEARCH_PATHS = (
					"$(inherited)",
					"\"Spect-AR/Plugins/phonegap-facebook-plugin\"",
				);
			};
			name = Release;
		};
		C01FCF4F08A954540054247B /* Debug */ = {
			isa = XCBuildConfiguration;
			baseConfigurationReference = 3047A5111AB8059700498E2A /* build.xcconfig */;
			buildSettings = {
				CLANG_ENABLE_MODULES = YES;
				CLANG_ENABLE_OBJC_ARC = YES;
				CLANG_WARN_BOOL_CONVERSION = YES;
				CLANG_WARN_CONSTANT_CONVERSION = YES;
				CLANG_WARN_EMPTY_BODY = YES;
				CLANG_WARN_ENUM_CONVERSION = YES;
				CLANG_WARN_INT_CONVERSION = YES;
				CLANG_WARN__DUPLICATE_METHOD_MATCH = YES;
				GCC_C_LANGUAGE_STANDARD = c99;
				GCC_THUMB_SUPPORT = NO;
				GCC_VERSION = "";
				GCC_WARN_ABOUT_RETURN_TYPE = YES;
				GCC_WARN_UNDECLARED_SELECTOR = YES;
				GCC_WARN_UNINITIALIZED_AUTOS = YES;
				GCC_WARN_UNUSED_FUNCTION = YES;
				GCC_WARN_UNUSED_VARIABLE = YES;
				ONLY_ACTIVE_ARCH = YES;
				SDKROOT = iphoneos;
				SKIP_INSTALL = NO;
			};
			name = Debug;
		};
		C01FCF5008A954540054247B /* Release */ = {
			isa = XCBuildConfiguration;
			baseConfigurationReference = 3047A5111AB8059700498E2A /* build.xcconfig */;
			buildSettings = {
				CLANG_ENABLE_MODULES = YES;
				CLANG_ENABLE_OBJC_ARC = YES;
				CLANG_WARN_BOOL_CONVERSION = YES;
				CLANG_WARN_CONSTANT_CONVERSION = YES;
				CLANG_WARN_EMPTY_BODY = YES;
				CLANG_WARN_ENUM_CONVERSION = YES;
				CLANG_WARN_INT_CONVERSION = YES;
				CLANG_WARN__DUPLICATE_METHOD_MATCH = YES;
				GCC_C_LANGUAGE_STANDARD = c99;
				GCC_THUMB_SUPPORT = NO;
				GCC_VERSION = "";
				GCC_WARN_ABOUT_RETURN_TYPE = YES;
				GCC_WARN_UNDECLARED_SELECTOR = YES;
				GCC_WARN_UNINITIALIZED_AUTOS = YES;
				GCC_WARN_UNUSED_FUNCTION = YES;
				GCC_WARN_UNUSED_VARIABLE = YES;
				SDKROOT = iphoneos;
				SKIP_INSTALL = NO;
			};
			name = Release;
		};
/* End XCBuildConfiguration section */

/* Begin XCConfigurationList section */
		1D6058960D05DD3E006BFB54 /* Build configuration list for PBXNativeTarget "Spect-AR" */ = {
			isa = XCConfigurationList;
			buildConfigurations = (
				1D6058940D05DD3E006BFB54 /* Debug */,
				1D6058950D05DD3E006BFB54 /* Release */,
			);
			defaultConfigurationIsVisible = 0;
			defaultConfigurationName = Release;
		};
		C01FCF4E08A954540054247B /* Build configuration list for PBXProject "__NON-CLI__" */ = {
			isa = XCConfigurationList;
			buildConfigurations = (
				C01FCF4F08A954540054247B /* Debug */,
				C01FCF5008A954540054247B /* Release */,
			);
			defaultConfigurationIsVisible = 0;
			defaultConfigurationName = Release;
		};
/* End XCConfigurationList section */
	};
	rootObject = 29B97313FDCFA39411CA2CEA /* Project object */;
}
