// !$*UTF8*$!
{
	archiveVersion = 1;
	classes = {
	};
	objectVersion = 46;
	objects = {

/* Begin PBXBuildFile section */
		0207DA581B56EA530066E2B4 /* Images.xcassets in Resources */ = {isa = PBXBuildFile; fileRef = 0207DA571B56EA530066E2B4 /* Images.xcassets */; };
		0A448E1968B747A4BC6C428A /* CDVViewController+SplashScreen.m in Sources */ = {isa = PBXBuildFile; fileRef = 280CA7CABB7F46129B28AB15 /* CDVViewController+SplashScreen.m */; };
		0D93C7C5FF1A460C87DB040D /* WTARViewController.m in Sources */ = {isa = PBXBuildFile; fileRef = 1D20B138E8FA4C5B99EB4B35 /* WTARViewController.m */; };
		10E8973D0594456A88FB5759 /* QuartzCore.framework in Frameworks */ = {isa = PBXBuildFile; fileRef = 06DFA7CB342B47CF9B284E21 /* QuartzCore.framework */; };
		1D3623260D0F684500981E51 /* AppDelegate.m in Sources */ = {isa = PBXBuildFile; fileRef = 1D3623250D0F684500981E51 /* AppDelegate.m */; };
		1D60589B0D05DD56006BFB54 /* main.m in Sources */ = {isa = PBXBuildFile; fileRef = 29B97316FDCFA39411CA2CEA /* main.m */; };
		2C63A34D08614272AE022833 /* libWikitudeSDK-simulator.a in Frameworks */ = {isa = PBXBuildFile; fileRef = 87AA91765B1F48DC879FFA90 /* libWikitudeSDK-simulator.a */; };
		2E1E48516D61440FBCCFF374 /* CoreVideo.framework in Frameworks */ = {isa = PBXBuildFile; fileRef = E50FCCCE058242C98F925DD7 /* CoreVideo.framework */; };
		301BF552109A68D80062928A /* libCordova.a in Frameworks */ = {isa = PBXBuildFile; fileRef = 301BF535109A57CC0062928A /* libCordova.a */; };
		302D95F114D2391D003F00A1 /* MainViewController.m in Sources */ = {isa = PBXBuildFile; fileRef = 302D95EF14D2391D003F00A1 /* MainViewController.m */; };
		302D95F214D2391D003F00A1 /* MainViewController.xib in Resources */ = {isa = PBXBuildFile; fileRef = 302D95F014D2391D003F00A1 /* MainViewController.xib */; };
		3353340689A44F14B7070962 /* CDVJpegHeaderWriter.m in Sources */ = {isa = PBXBuildFile; fileRef = 1FBAF518701E4189B6A291CA /* CDVJpegHeaderWriter.m */; };
		3BDA8B42E5EF489290D0C815 /* SystemConfiguration.framework in Frameworks */ = {isa = PBXBuildFile; fileRef = B01CA9DC1130459CBA1E3A4D /* SystemConfiguration.framework */; };
		3D18E5DB2E7B48A49DE828B0 /* libz.dylib in Frameworks */ = {isa = PBXBuildFile; fileRef = 6A4EDE44119A4F608F55D6A0 /* libz.dylib */; };
		3FAEBAC2D53B49FE8BD9C0A3 /* OpenGLES.framework in Frameworks */ = {isa = PBXBuildFile; fileRef = CA7DABA39EE846759CADA4F8 /* OpenGLES.framework */; };
		546E3419181E4519B2A45C27 /* MediaPlayer.framework in Frameworks */ = {isa = PBXBuildFile; fileRef = 34194E86783B414DA0817242 /* MediaPlayer.framework */; };
		5DAA163698064ADE9DAEE9E1 /* CDVDevice.m in Sources */ = {isa = PBXBuildFile; fileRef = F2822B33C545444C92021E7B /* CDVDevice.m */; };
		62F2D2525493414C87D963E9 /* libc++.dylib in Frameworks */ = {isa = PBXBuildFile; fileRef = D419D7CB9D4B4FE7897D0721 /* libc++.dylib */; };
		6AFF5BF91D6E424B00AB3073 /* CDVLaunchScreen.storyboard in Resources */ = {isa = PBXBuildFile; fileRef = 6AFF5BF81D6E424B00AB3073 /* CDVLaunchScreen.storyboard */; };
		6CD99C4029A44C9E907A4379 /* Photos.framework in Frameworks */ = {isa = PBXBuildFile; fileRef = 7317279A196442A7AC605F65 /* Photos.framework */; };
		71856C8EF54E477D91E181D0 /* CDVCamera.m in Sources */ = {isa = PBXBuildFile; fileRef = C5E2A093055B45D58EADD354 /* CDVCamera.m */; };
		78AA5A56A8C3431E922C9410 /* CDVLogger.m in Sources */ = {isa = PBXBuildFile; fileRef = B2C9635F533349ED8192FFCD /* CDVLogger.m */; };
		7C426C8FF9444602BCCD204F /* Foundation.framework in Frameworks */ = {isa = PBXBuildFile; fileRef = 6A067BBE96EB44B7802E946D /* Foundation.framework */; };
		8E2198431B664BEFAB43C962 /* WTWikitudePlugin.m in Sources */ = {isa = PBXBuildFile; fileRef = BB80E530615B49BF94491F8F /* WTWikitudePlugin.m */; };
		A6485466EAB94821B5691911 /* ImageIO.framework in Frameworks */ = {isa = PBXBuildFile; fileRef = 9E84E8EFBCCC464DBEF9BC6B /* ImageIO.framework */; settings = {ATTRIBUTES = (Weak, ); }; };
		A736C785152F495980AC7120 /* UIKit.framework in Frameworks */ = {isa = PBXBuildFile; fileRef = D4B75A45150E40068ED262C1 /* UIKit.framework */; };
		AFA92D96A6834240BAC42819 /* AVFoundation.framework in Frameworks */ = {isa = PBXBuildFile; fileRef = F15BB5A6565A49C5BF2CABDB /* AVFoundation.framework */; };
		B76611CE3ED844A986FF2CDE /* UIImage+CropScaleOrientation.m in Sources */ = {isa = PBXBuildFile; fileRef = 73896B87CFF141C5B34E54C9 /* UIImage+CropScaleOrientation.m */; };
		BE49A05530024748B5C06C37 /* Accelerate.framework in Frameworks */ = {isa = PBXBuildFile; fileRef = 76A55EC806754B0FA4EBE35F /* Accelerate.framework */; };
		BFC54F3CDE0345AF9A9FC943 /* CDVSplashScreen.m in Sources */ = {isa = PBXBuildFile; fileRef = 4A31BFCDF8C243A49E68AEA4 /* CDVSplashScreen.m */; };
		D167E6376A564B039F7B50EF /* libWikitudeSDK.a in Frameworks */ = {isa = PBXBuildFile; fileRef = DF28D40C9FB646C9B85AE362 /* libWikitudeSDK.a */; };
		D5533B8EED0D41BABBAC1E45 /* IonicKeyboard.m in Sources */ = {isa = PBXBuildFile; fileRef = ACAF005A2A954F459D351296 /* IonicKeyboard.m */; };
		D5554DFB41FE409BBDB5BA2D /* CFNetwork.framework in Frameworks */ = {isa = PBXBuildFile; fileRef = 97D21032456B4CC5823E47B2 /* CFNetwork.framework */; };
		DC3483AF5F414FA7993FC3AD /* SafariServices.framework in Frameworks */ = {isa = PBXBuildFile; fileRef = 0B52DCEA82CE4BE9B3B4E8C0 /* SafariServices.framework */; };
		E06445A27B0F4FA18754303E /* CoreText.framework in Frameworks */ = {isa = PBXBuildFile; fileRef = A2F6C8A7E61441B0B915514C /* CoreText.framework */; };
		E6725BB35E0245ABA207DEF4 /* CoreMedia.framework in Frameworks */ = {isa = PBXBuildFile; fileRef = 16CD840712CC45049DAA80AA /* CoreMedia.framework */; };
		E6B300A4C9074B3DBE5D6859 /* CoreLocation.framework in Frameworks */ = {isa = PBXBuildFile; fileRef = 5675D82995A943B0858C21D8 /* CoreLocation.framework */; };
		EC5E03BE283B443FA8A83BBC /* CoreMotion.framework in Frameworks */ = {isa = PBXBuildFile; fileRef = 666FE90A160A478191692C70 /* CoreMotion.framework */; };
		EE9897ECE5C34CB9B508A8C6 /* Security.framework in Frameworks */ = {isa = PBXBuildFile; fileRef = E1F82D4F14F14A049A5C9489 /* Security.framework */; };
		F57D7D21BC1E4FAA8DC6D816 /* CDVStatusBar.m in Sources */ = {isa = PBXBuildFile; fileRef = 924B488EE97A4D11B1715BAB /* CDVStatusBar.m */; };
/* End PBXBuildFile section */

/* Begin PBXContainerItemProxy section */
		301BF534109A57CC0062928A /* PBXContainerItemProxy */ = {
			isa = PBXContainerItemProxy;
			containerPortal = 301BF52D109A57CC0062928A /* CordovaLib.xcodeproj */;
			proxyType = 2;
			remoteGlobalIDString = D2AAC07E0554694100DB518D;
			remoteInfo = CordovaLib;
		};
		301BF550109A68C00062928A /* PBXContainerItemProxy */ = {
			isa = PBXContainerItemProxy;
			containerPortal = 301BF52D109A57CC0062928A /* CordovaLib.xcodeproj */;
			proxyType = 1;
			remoteGlobalIDString = D2AAC07D0554694100DB518D;
			remoteInfo = CordovaLib;
		};
/* End PBXContainerItemProxy section */

/* Begin PBXFileReference section */
		0207DA571B56EA530066E2B4 /* Images.xcassets */ = {isa = PBXFileReference; lastKnownFileType = folder.assetcatalog; name = Images.xcassets; path = myApp/Images.xcassets; sourceTree = SOURCE_ROOT; };
		06DFA7CB342B47CF9B284E21 /* QuartzCore.framework */ = {isa = PBXFileReference; explicitFileType = undefined; fileEncoding = 9; includeInIndex = 0; lastKnownFileType = wrapper.framework; name = QuartzCore.framework; path = System/Library/Frameworks/QuartzCore.framework; sourceTree = SDKROOT; };
		0B52DCEA82CE4BE9B3B4E8C0 /* SafariServices.framework */ = {isa = PBXFileReference; explicitFileType = undefined; fileEncoding = 9; includeInIndex = 0; lastKnownFileType = wrapper.framework; name = SafariServices.framework; path = System/Library/Frameworks/SafariServices.framework; sourceTree = SDKROOT; };
		0E516B91FB0E44D38C1087F4 /* CDVDevice.h */ = {isa = PBXFileReference; explicitFileType = undefined; fileEncoding = 4; includeInIndex = 0; lastKnownFileType = sourcecode.c.h; name = CDVDevice.h; path = "cordova-plugin-device/CDVDevice.h"; sourceTree = "<group>"; };
		1238237CDC3E4104B4D42086 /* WTArchitectViewDebugDelegate.h */ = {isa = PBXFileReference; explicitFileType = undefined; fileEncoding = 4; includeInIndex = 0; lastKnownFileType = sourcecode.c.h; name = WTArchitectViewDebugDelegate.h; path = com.wikitude.phonegap.WikitudePlugin/WTArchitectViewDebugDelegate.h; sourceTree = "<group>"; };
		16CD840712CC45049DAA80AA /* CoreMedia.framework */ = {isa = PBXFileReference; explicitFileType = undefined; fileEncoding = 9; includeInIndex = 0; lastKnownFileType = wrapper.framework; name = CoreMedia.framework; path = System/Library/Frameworks/CoreMedia.framework; sourceTree = SDKROOT; };
		1D20B138E8FA4C5B99EB4B35 /* WTARViewController.m */ = {isa = PBXFileReference; explicitFileType = undefined; fileEncoding = 4; includeInIndex = 0; lastKnownFileType = sourcecode.c.objc; name = WTARViewController.m; path = com.wikitude.phonegap.WikitudePlugin/WTARViewController.m; sourceTree = "<group>"; };
		1D3623240D0F684500981E51 /* AppDelegate.h */ = {isa = PBXFileReference; fileEncoding = 4; lastKnownFileType = sourcecode.c.h; path = AppDelegate.h; sourceTree = "<group>"; };
		1D3623250D0F684500981E51 /* AppDelegate.m */ = {isa = PBXFileReference; fileEncoding = 4; lastKnownFileType = sourcecode.c.objc; path = AppDelegate.m; sourceTree = "<group>"; };
		1D6058910D05DD3D006BFB54 /* myApp.app */ = {isa = PBXFileReference; explicitFileType = wrapper.application; includeInIndex = 0; path = myApp.app; sourceTree = BUILT_PRODUCTS_DIR; };
		1F9EB7E939D140FDADF96B41 /* WTSDKBuildInformation.h */ = {isa = PBXFileReference; explicitFileType = undefined; fileEncoding = 4; includeInIndex = 0; lastKnownFileType = sourcecode.c.h; name = WTSDKBuildInformation.h; path = com.wikitude.phonegap.WikitudePlugin/WTSDKBuildInformation.h; sourceTree = "<group>"; };
		1FBAF518701E4189B6A291CA /* CDVJpegHeaderWriter.m */ = {isa = PBXFileReference; explicitFileType = undefined; fileEncoding = 4; includeInIndex = 0; lastKnownFileType = sourcecode.c.objc; name = CDVJpegHeaderWriter.m; path = "cordova-plugin-camera/CDVJpegHeaderWriter.m"; sourceTree = "<group>"; };
		280CA7CABB7F46129B28AB15 /* CDVViewController+SplashScreen.m */ = {isa = PBXFileReference; explicitFileType = undefined; fileEncoding = 4; includeInIndex = 0; lastKnownFileType = sourcecode.c.objc; name = "CDVViewController+SplashScreen.m"; path = "cordova-plugin-splashscreen/CDVViewController+SplashScreen.m"; sourceTree = "<group>"; };
		29B97316FDCFA39411CA2CEA /* main.m */ = {isa = PBXFileReference; fileEncoding = 4; lastKnownFileType = sourcecode.c.objc; path = main.m; sourceTree = "<group>"; };
		2ACBDCB6B80F42BBAA5DE799 /* WTWikitudeTypes.h */ = {isa = PBXFileReference; explicitFileType = undefined; fileEncoding = 4; includeInIndex = 0; lastKnownFileType = sourcecode.c.h; name = WTWikitudeTypes.h; path = com.wikitude.phonegap.WikitudePlugin/WTWikitudeTypes.h; sourceTree = "<group>"; };
		301BF52D109A57CC0062928A /* CordovaLib.xcodeproj */ = {isa = PBXFileReference; lastKnownFileType = "wrapper.pb-project"; name = CordovaLib.xcodeproj; path = CordovaLib/CordovaLib.xcodeproj; sourceTree = "<group>"; };
		301BF56E109A69640062928A /* www */ = {isa = PBXFileReference; lastKnownFileType = folder; path = www; sourceTree = SOURCE_ROOT; };
		302D95EE14D2391D003F00A1 /* MainViewController.h */ = {isa = PBXFileReference; fileEncoding = 4; lastKnownFileType = sourcecode.c.h; path = MainViewController.h; sourceTree = "<group>"; };
		302D95EF14D2391D003F00A1 /* MainViewController.m */ = {isa = PBXFileReference; fileEncoding = 4; lastKnownFileType = sourcecode.c.objc; path = MainViewController.m; sourceTree = "<group>"; };
		302D95F014D2391D003F00A1 /* MainViewController.xib */ = {isa = PBXFileReference; fileEncoding = 4; lastKnownFileType = file.xib; path = MainViewController.xib; sourceTree = "<group>"; };
		3047A50F1AB8059700498E2A /* build-debug.xcconfig */ = {isa = PBXFileReference; fileEncoding = 4; lastKnownFileType = text.xcconfig; name = "build-debug.xcconfig"; path = "cordova/build-debug.xcconfig"; sourceTree = SOURCE_ROOT; };
		3047A5101AB8059700498E2A /* build-release.xcconfig */ = {isa = PBXFileReference; fileEncoding = 4; lastKnownFileType = text.xcconfig; name = "build-release.xcconfig"; path = "cordova/build-release.xcconfig"; sourceTree = SOURCE_ROOT; };
		3047A5111AB8059700498E2A /* build.xcconfig */ = {isa = PBXFileReference; fileEncoding = 4; lastKnownFileType = text.xcconfig; name = build.xcconfig; path = cordova/build.xcconfig; sourceTree = SOURCE_ROOT; };
		30B1173399FA4991AF99106D /* CDVLogger.h */ = {isa = PBXFileReference; explicitFileType = undefined; fileEncoding = 4; includeInIndex = 0; lastKnownFileType = sourcecode.c.h; name = CDVLogger.h; path = "cordova-plugin-console/CDVLogger.h"; sourceTree = "<group>"; };
		32CA4F630368D1EE00C91783 /* myApp-Prefix.pch */ = {isa = PBXFileReference; fileEncoding = 4; lastKnownFileType = sourcecode.c.h; path = "myApp-Prefix.pch"; sourceTree = "<group>"; };
		34194E86783B414DA0817242 /* MediaPlayer.framework */ = {isa = PBXFileReference; explicitFileType = undefined; fileEncoding = 9; includeInIndex = 0; lastKnownFileType = wrapper.framework; name = MediaPlayer.framework; path = System/Library/Frameworks/MediaPlayer.framework; sourceTree = SDKROOT; };
		35C91538C32647CDBB7C98A2 /* CDVJpegHeaderWriter.h */ = {isa = PBXFileReference; explicitFileType = undefined; fileEncoding = 4; includeInIndex = 0; lastKnownFileType = sourcecode.c.h; name = CDVJpegHeaderWriter.h; path = "cordova-plugin-camera/CDVJpegHeaderWriter.h"; sourceTree = "<group>"; };
		366FB680C033400698543D2C /* WTWikitudePlugin.h */ = {isa = PBXFileReference; explicitFileType = undefined; fileEncoding = 4; includeInIndex = 0; lastKnownFileType = sourcecode.c.h; name = WTWikitudePlugin.h; path = com.wikitude.phonegap.WikitudePlugin/WTWikitudePlugin.h; sourceTree = "<group>"; };
		4A31BFCDF8C243A49E68AEA4 /* CDVSplashScreen.m */ = {isa = PBXFileReference; explicitFileType = undefined; fileEncoding = 4; includeInIndex = 0; lastKnownFileType = sourcecode.c.objc; name = CDVSplashScreen.m; path = "cordova-plugin-splashscreen/CDVSplashScreen.m"; sourceTree = "<group>"; };
		5675D82995A943B0858C21D8 /* CoreLocation.framework */ = {isa = PBXFileReference; explicitFileType = undefined; fileEncoding = 9; includeInIndex = 0; lastKnownFileType = wrapper.framework; name = CoreLocation.framework; path = System/Library/Frameworks/CoreLocation.framework; sourceTree = SDKROOT; };
		657D506E65264611A1C0F256 /* CDVExif.h */ = {isa = PBXFileReference; explicitFileType = undefined; fileEncoding = 4; includeInIndex = 0; lastKnownFileType = sourcecode.c.h; name = CDVExif.h; path = "cordova-plugin-camera/CDVExif.h"; sourceTree = "<group>"; };
		666FE90A160A478191692C70 /* CoreMotion.framework */ = {isa = PBXFileReference; explicitFileType = undefined; fileEncoding = 9; includeInIndex = 0; lastKnownFileType = wrapper.framework; name = CoreMotion.framework; path = System/Library/Frameworks/CoreMotion.framework; sourceTree = SDKROOT; };
		6A067BBE96EB44B7802E946D /* Foundation.framework */ = {isa = PBXFileReference; explicitFileType = undefined; fileEncoding = 9; includeInIndex = 0; lastKnownFileType = wrapper.framework; name = Foundation.framework; path = System/Library/Frameworks/Foundation.framework; sourceTree = SDKROOT; };
		6A4EDE44119A4F608F55D6A0 /* libz.dylib */ = {isa = PBXFileReference; explicitFileType = undefined; fileEncoding = 9; includeInIndex = 0; lastKnownFileType = "compiled.mach-o.dylib"; name = libz.dylib; path = usr/lib/libz.dylib; sourceTree = SDKROOT; };
		6AFF5BF81D6E424B00AB3073 /* CDVLaunchScreen.storyboard */ = {isa = PBXFileReference; fileEncoding = 4; lastKnownFileType = file.storyboard; name = CDVLaunchScreen.storyboard; path = myApp/CDVLaunchScreen.storyboard; sourceTree = SOURCE_ROOT; };
		71F4D29C2B5A432F8F44E128 /* CDVSplashScreen.h */ = {isa = PBXFileReference; explicitFileType = undefined; fileEncoding = 4; includeInIndex = 0; lastKnownFileType = sourcecode.c.h; name = CDVSplashScreen.h; path = "cordova-plugin-splashscreen/CDVSplashScreen.h"; sourceTree = "<group>"; };
		7317279A196442A7AC605F65 /* Photos.framework */ = {isa = PBXFileReference; explicitFileType = undefined; fileEncoding = 9; includeInIndex = 0; lastKnownFileType = wrapper.framework; name = Photos.framework; path = System/Library/Frameworks/Photos.framework; sourceTree = SDKROOT; };
		73896B87CFF141C5B34E54C9 /* UIImage+CropScaleOrientation.m */ = {isa = PBXFileReference; explicitFileType = undefined; fileEncoding = 4; includeInIndex = 0; lastKnownFileType = sourcecode.c.objc; name = "UIImage+CropScaleOrientation.m"; path = "cordova-plugin-camera/UIImage+CropScaleOrientation.m"; sourceTree = "<group>"; };
		75F03D6B23D64D9C9F23D951 /* CDVCamera.h */ = {isa = PBXFileReference; explicitFileType = undefined; fileEncoding = 4; includeInIndex = 0; lastKnownFileType = sourcecode.c.h; name = CDVCamera.h; path = "cordova-plugin-camera/CDVCamera.h"; sourceTree = "<group>"; };
		76A55EC806754B0FA4EBE35F /* Accelerate.framework */ = {isa = PBXFileReference; explicitFileType = undefined; fileEncoding = 9; includeInIndex = 0; lastKnownFileType = wrapper.framework; name = Accelerate.framework; path = System/Library/Frameworks/Accelerate.framework; sourceTree = SDKROOT; };
		7790C9A81C684D0788F448DB /* WikitudeSDK.h */ = {isa = PBXFileReference; explicitFileType = undefined; fileEncoding = 4; includeInIndex = 0; lastKnownFileType = sourcecode.c.h; name = WikitudeSDK.h; path = com.wikitude.phonegap.WikitudePlugin/WikitudeSDK.h; sourceTree = "<group>"; };
		7D0EC0E4370C46BFBCE0F753 /* CDVViewController+SplashScreen.h */ = {isa = PBXFileReference; explicitFileType = undefined; fileEncoding = 4; includeInIndex = 0; lastKnownFileType = sourcecode.c.h; name = "CDVViewController+SplashScreen.h"; path = "cordova-plugin-splashscreen/CDVViewController+SplashScreen.h"; sourceTree = "<group>"; };
		822B49FE1CB64CC292E6D7D9 /* WTArchitectStartupConfiguration.h */ = {isa = PBXFileReference; explicitFileType = undefined; fileEncoding = 4; includeInIndex = 0; lastKnownFileType = sourcecode.c.h; name = WTArchitectStartupConfiguration.h; path = com.wikitude.phonegap.WikitudePlugin/WTArchitectStartupConfiguration.h; sourceTree = "<group>"; };
		87AA91765B1F48DC879FFA90 /* libWikitudeSDK-simulator.a */ = {isa = PBXFileReference; explicitFileType = undefined; fileEncoding = 9; includeInIndex = 0; lastKnownFileType = archive.ar; name = "libWikitudeSDK-simulator.a"; path = "myApp/Plugins/com.wikitude.phonegap.WikitudePlugin/libWikitudeSDK-simulator.a"; sourceTree = "<group>"; };
		887B1395896B4C55A4E87599 /* IonicKeyboard.h */ = {isa = PBXFileReference; explicitFileType = undefined; fileEncoding = 4; includeInIndex = 0; lastKnownFileType = sourcecode.c.h; name = IonicKeyboard.h; path = "ionic-plugin-keyboard/IonicKeyboard.h"; sourceTree = "<group>"; };
		8D1107310486CEB800E47090 /* myApp-Info.plist */ = {isa = PBXFileReference; fileEncoding = 4; lastKnownFileType = text.plist.xml; name = "myApp-Info.plist"; path = "myApp/myApp-Info.plist"; plistStructureDefinitionIdentifier = "com.apple.xcode.plist.structure-definition.iphone.info-plist"; sourceTree = SOURCE_ROOT; };
		924B488EE97A4D11B1715BAB /* CDVStatusBar.m */ = {isa = PBXFileReference; explicitFileType = undefined; fileEncoding = 4; includeInIndex = 0; lastKnownFileType = sourcecode.c.objc; name = CDVStatusBar.m; path = "cordova-plugin-statusbar/CDVStatusBar.m"; sourceTree = "<group>"; };
		97D21032456B4CC5823E47B2 /* CFNetwork.framework */ = {isa = PBXFileReference; explicitFileType = undefined; fileEncoding = 9; includeInIndex = 0; lastKnownFileType = wrapper.framework; name = CFNetwork.framework; path = System/Library/Frameworks/CFNetwork.framework; sourceTree = SDKROOT; };
		98559B357CDE4588B5C1A56D /* WTStartupConfiguration.h */ = {isa = PBXFileReference; explicitFileType = undefined; fileEncoding = 4; includeInIndex = 0; lastKnownFileType = sourcecode.c.h; name = WTStartupConfiguration.h; path = com.wikitude.phonegap.WikitudePlugin/WTStartupConfiguration.h; sourceTree = "<group>"; };
		9E84E8EFBCCC464DBEF9BC6B /* ImageIO.framework */ = {isa = PBXFileReference; explicitFileType = undefined; fileEncoding = 9; includeInIndex = 0; lastKnownFileType = wrapper.framework; name = ImageIO.framework; path = System/Library/Frameworks/ImageIO.framework; sourceTree = SDKROOT; };
		A2F6C8A7E61441B0B915514C /* CoreText.framework */ = {isa = PBXFileReference; explicitFileType = undefined; fileEncoding = 9; includeInIndex = 0; lastKnownFileType = wrapper.framework; name = CoreText.framework; path = System/Library/Frameworks/CoreText.framework; sourceTree = SDKROOT; };
		A38E6F270C754EE1BA33B447 /* CDVStatusBar.h */ = {isa = PBXFileReference; explicitFileType = undefined; fileEncoding = 4; includeInIndex = 0; lastKnownFileType = sourcecode.c.h; name = CDVStatusBar.h; path = "cordova-plugin-statusbar/CDVStatusBar.h"; sourceTree = "<group>"; };
		ACAF005A2A954F459D351296 /* IonicKeyboard.m */ = {isa = PBXFileReference; explicitFileType = undefined; fileEncoding = 4; includeInIndex = 0; lastKnownFileType = sourcecode.c.objc; name = IonicKeyboard.m; path = "ionic-plugin-keyboard/IonicKeyboard.m"; sourceTree = "<group>"; };
		AEE25D587D114D2EAC2699E4 /* WTARViewController.h */ = {isa = PBXFileReference; explicitFileType = undefined; fileEncoding = 4; includeInIndex = 0; lastKnownFileType = sourcecode.c.h; name = WTARViewController.h; path = com.wikitude.phonegap.WikitudePlugin/WTARViewController.h; sourceTree = "<group>"; };
		AFE549F7F4F54C258E9E3BE0 /* WTAuthorizationRequestManager.h */ = {isa = PBXFileReference; explicitFileType = undefined; fileEncoding = 4; includeInIndex = 0; lastKnownFileType = sourcecode.c.h; name = WTAuthorizationRequestManager.h; path = com.wikitude.phonegap.WikitudePlugin/WTAuthorizationRequestManager.h; sourceTree = "<group>"; };
		B01CA9DC1130459CBA1E3A4D /* SystemConfiguration.framework */ = {isa = PBXFileReference; explicitFileType = undefined; fileEncoding = 9; includeInIndex = 0; lastKnownFileType = wrapper.framework; name = SystemConfiguration.framework; path = System/Library/Frameworks/SystemConfiguration.framework; sourceTree = SDKROOT; };
		B2C9635F533349ED8192FFCD /* CDVLogger.m */ = {isa = PBXFileReference; explicitFileType = undefined; fileEncoding = 4; includeInIndex = 0; lastKnownFileType = sourcecode.c.objc; name = CDVLogger.m; path = "cordova-plugin-console/CDVLogger.m"; sourceTree = "<group>"; };
		BB80E530615B49BF94491F8F /* WTWikitudePlugin.m */ = {isa = PBXFileReference; explicitFileType = undefined; fileEncoding = 4; includeInIndex = 0; lastKnownFileType = sourcecode.c.objc; name = WTWikitudePlugin.m; path = com.wikitude.phonegap.WikitudePlugin/WTWikitudePlugin.m; sourceTree = "<group>"; };
		C5E2A093055B45D58EADD354 /* CDVCamera.m */ = {isa = PBXFileReference; explicitFileType = undefined; fileEncoding = 4; includeInIndex = 0; lastKnownFileType = sourcecode.c.objc; name = CDVCamera.m; path = "cordova-plugin-camera/CDVCamera.m"; sourceTree = "<group>"; };
		CA7DABA39EE846759CADA4F8 /* OpenGLES.framework */ = {isa = PBXFileReference; explicitFileType = undefined; fileEncoding = 9; includeInIndex = 0; lastKnownFileType = wrapper.framework; name = OpenGLES.framework; path = System/Library/Frameworks/OpenGLES.framework; sourceTree = SDKROOT; };
		CB16A936D647408098436EB0 /* WTNavigation.h */ = {isa = PBXFileReference; explicitFileType = undefined; fileEncoding = 4; includeInIndex = 0; lastKnownFileType = sourcecode.c.h; name = WTNavigation.h; path = com.wikitude.phonegap.WikitudePlugin/WTNavigation.h; sourceTree = "<group>"; };
		D419D7CB9D4B4FE7897D0721 /* libc++.dylib */ = {isa = PBXFileReference; explicitFileType = undefined; fileEncoding = 9; includeInIndex = 0; lastKnownFileType = "compiled.mach-o.dylib"; name = "libc++.dylib"; path = "usr/lib/libc++.dylib"; sourceTree = SDKROOT; };
		D4B75A45150E40068ED262C1 /* UIKit.framework */ = {isa = PBXFileReference; explicitFileType = undefined; fileEncoding = 9; includeInIndex = 0; lastKnownFileType = wrapper.framework; name = UIKit.framework; path = System/Library/Frameworks/UIKit.framework; sourceTree = SDKROOT; };
		DF28D40C9FB646C9B85AE362 /* libWikitudeSDK.a */ = {isa = PBXFileReference; explicitFileType = undefined; fileEncoding = 9; includeInIndex = 0; lastKnownFileType = archive.ar; name = libWikitudeSDK.a; path = myApp/Plugins/com.wikitude.phonegap.WikitudePlugin/libWikitudeSDK.a; sourceTree = "<group>"; };
		E1F82D4F14F14A049A5C9489 /* Security.framework */ = {isa = PBXFileReference; explicitFileType = undefined; fileEncoding = 9; includeInIndex = 0; lastKnownFileType = wrapper.framework; name = Security.framework; path = System/Library/Frameworks/Security.framework; sourceTree = SDKROOT; };
		E2B758CB60A843F88FCFB145 /* WTArchitectView.h */ = {isa = PBXFileReference; explicitFileType = undefined; fileEncoding = 4; includeInIndex = 0; lastKnownFileType = sourcecode.c.h; name = WTArchitectView.h; path = com.wikitude.phonegap.WikitudePlugin/WTArchitectView.h; sourceTree = "<group>"; };
		E50FCCCE058242C98F925DD7 /* CoreVideo.framework */ = {isa = PBXFileReference; explicitFileType = undefined; fileEncoding = 9; includeInIndex = 0; lastKnownFileType = wrapper.framework; name = CoreVideo.framework; path = System/Library/Frameworks/CoreVideo.framework; sourceTree = SDKROOT; };
		EB87FDF31871DA8E0020F90C /* www */ = {isa = PBXFileReference; lastKnownFileType = folder; name = www; path = ../../www; sourceTree = "<group>"; };
		EB87FDF41871DAF40020F90C /* config.xml */ = {isa = PBXFileReference; lastKnownFileType = text.xml; name = config.xml; path = ../../config.xml; sourceTree = "<group>"; };
		ED33DF2A687741AEAF9F8254 /* Bridging-Header.h */ = {isa = PBXFileReference; fileEncoding = 4; lastKnownFileType = sourcecode.c.h; path = "Bridging-Header.h"; sourceTree = "<group>"; };
		F12378156D154F15B88EC1B1 /* UIImage+CropScaleOrientation.h */ = {isa = PBXFileReference; explicitFileType = undefined; fileEncoding = 4; includeInIndex = 0; lastKnownFileType = sourcecode.c.h; name = "UIImage+CropScaleOrientation.h"; path = "cordova-plugin-camera/UIImage+CropScaleOrientation.h"; sourceTree = "<group>"; };
		F15BB5A6565A49C5BF2CABDB /* AVFoundation.framework */ = {isa = PBXFileReference; explicitFileType = undefined; fileEncoding = 9; includeInIndex = 0; lastKnownFileType = wrapper.framework; name = AVFoundation.framework; path = System/Library/Frameworks/AVFoundation.framework; sourceTree = SDKROOT; };
		F2822B33C545444C92021E7B /* CDVDevice.m */ = {isa = PBXFileReference; explicitFileType = undefined; fileEncoding = 4; includeInIndex = 0; lastKnownFileType = sourcecode.c.objc; name = CDVDevice.m; path = "cordova-plugin-device/CDVDevice.m"; sourceTree = "<group>"; };
		F840E1F0165FE0F500CFE078 /* config.xml */ = {isa = PBXFileReference; lastKnownFileType = text.xml; name = config.xml; path = myApp/config.xml; sourceTree = "<group>"; };
/* End PBXFileReference section */

/* Begin PBXFrameworksBuildPhase section */
		1D60588F0D05DD3D006BFB54 /* Frameworks */ = {
			isa = PBXFrameworksBuildPhase;
			buildActionMask = 2147483647;
			files = (
				301BF552109A68D80062928A /* libCordova.a in Frameworks */,
				A6485466EAB94821B5691911 /* ImageIO.framework in Frameworks */,
				E6B300A4C9074B3DBE5D6859 /* CoreLocation.framework in Frameworks */,
				AFA92D96A6834240BAC42819 /* AVFoundation.framework in Frameworks */,
				D167E6376A564B039F7B50EF /* libWikitudeSDK.a in Frameworks */,
				2C63A34D08614272AE022833 /* libWikitudeSDK-simulator.a in Frameworks */,
				BE49A05530024748B5C06C37 /* Accelerate.framework in Frameworks */,
				D5554DFB41FE409BBDB5BA2D /* CFNetwork.framework in Frameworks */,
				E6725BB35E0245ABA207DEF4 /* CoreMedia.framework in Frameworks */,
				EC5E03BE283B443FA8A83BBC /* CoreMotion.framework in Frameworks */,
				E06445A27B0F4FA18754303E /* CoreText.framework in Frameworks */,
				2E1E48516D61440FBCCFF374 /* CoreVideo.framework in Frameworks */,
				7C426C8FF9444602BCCD204F /* Foundation.framework in Frameworks */,
				546E3419181E4519B2A45C27 /* MediaPlayer.framework in Frameworks */,
				3FAEBAC2D53B49FE8BD9C0A3 /* OpenGLES.framework in Frameworks */,
				6CD99C4029A44C9E907A4379 /* Photos.framework in Frameworks */,
				10E8973D0594456A88FB5759 /* QuartzCore.framework in Frameworks */,
				DC3483AF5F414FA7993FC3AD /* SafariServices.framework in Frameworks */,
				EE9897ECE5C34CB9B508A8C6 /* Security.framework in Frameworks */,
				3BDA8B42E5EF489290D0C815 /* SystemConfiguration.framework in Frameworks */,
				A736C785152F495980AC7120 /* UIKit.framework in Frameworks */,
				62F2D2525493414C87D963E9 /* libc++.dylib in Frameworks */,
				3D18E5DB2E7B48A49DE828B0 /* libz.dylib in Frameworks */,
			);
			runOnlyForDeploymentPostprocessing = 0;
		};
/* End PBXFrameworksBuildPhase section */

/* Begin PBXGroup section */
		080E96DDFE201D6D7F000001 /* Classes */ = {
			isa = PBXGroup;
			children = (
				302D95EE14D2391D003F00A1 /* MainViewController.h */,
				302D95EF14D2391D003F00A1 /* MainViewController.m */,
				302D95F014D2391D003F00A1 /* MainViewController.xib */,
				1D3623240D0F684500981E51 /* AppDelegate.h */,
				1D3623250D0F684500981E51 /* AppDelegate.m */,
			);
			name = Classes;
			path = myApp/Classes;
			sourceTree = SOURCE_ROOT;
		};
		19C28FACFE9D520D11CA2CBB /* Products */ = {
			isa = PBXGroup;
			children = (
				1D6058910D05DD3D006BFB54 /* myApp.app */,
			);
			name = Products;
			sourceTree = "<group>";
		};
		29B97314FDCFA39411CA2CEA /* CustomTemplate */ = {
			isa = PBXGroup;
			children = (
				EB87FDF41871DAF40020F90C /* config.xml */,
				EB87FDF31871DA8E0020F90C /* www */,
				EB87FDF11871DA420020F90C /* Staging */,
				301BF52D109A57CC0062928A /* CordovaLib.xcodeproj */,
				080E96DDFE201D6D7F000001 /* Classes */,
				307C750510C5A3420062BCA9 /* Plugins */,
				29B97315FDCFA39411CA2CEA /* Other Sources */,
				29B97317FDCFA39411CA2CEA /* Resources */,
				29B97323FDCFA39411CA2CEA /* Frameworks */,
				19C28FACFE9D520D11CA2CBB /* Products */,
			);
			name = CustomTemplate;
			sourceTree = "<group>";
		};
		29B97315FDCFA39411CA2CEA /* Other Sources */ = {
			isa = PBXGroup;
			children = (
				32CA4F630368D1EE00C91783 /* myApp-Prefix.pch */,
				29B97316FDCFA39411CA2CEA /* main.m */,
				ED33DF2A687741AEAF9F8254 /* Bridging-Header.h */,
			);
			name = "Other Sources";
			path = myApp;
			sourceTree = "<group>";
		};
		29B97317FDCFA39411CA2CEA /* Resources */ = {
			isa = PBXGroup;
			children = (
				0207DA571B56EA530066E2B4 /* Images.xcassets */,
				3047A50E1AB8057F00498E2A /* config */,
				8D1107310486CEB800E47090 /* myApp-Info.plist */,
				6AFF5BF81D6E424B00AB3073 /* CDVLaunchScreen.storyboard */,
			);
			name = Resources;
			path = myApp/Resources;
			sourceTree = "<group>";
		};
		29B97323FDCFA39411CA2CEA /* Frameworks */ = {
			isa = PBXGroup;
			children = (
				9E84E8EFBCCC464DBEF9BC6B /* ImageIO.framework */,
				5675D82995A943B0858C21D8 /* CoreLocation.framework */,
				F15BB5A6565A49C5BF2CABDB /* AVFoundation.framework */,
				DF28D40C9FB646C9B85AE362 /* libWikitudeSDK.a */,
				87AA91765B1F48DC879FFA90 /* libWikitudeSDK-simulator.a */,
				76A55EC806754B0FA4EBE35F /* Accelerate.framework */,
				97D21032456B4CC5823E47B2 /* CFNetwork.framework */,
				16CD840712CC45049DAA80AA /* CoreMedia.framework */,
				666FE90A160A478191692C70 /* CoreMotion.framework */,
				A2F6C8A7E61441B0B915514C /* CoreText.framework */,
				E50FCCCE058242C98F925DD7 /* CoreVideo.framework */,
				6A067BBE96EB44B7802E946D /* Foundation.framework */,
				34194E86783B414DA0817242 /* MediaPlayer.framework */,
				CA7DABA39EE846759CADA4F8 /* OpenGLES.framework */,
				7317279A196442A7AC605F65 /* Photos.framework */,
				06DFA7CB342B47CF9B284E21 /* QuartzCore.framework */,
				0B52DCEA82CE4BE9B3B4E8C0 /* SafariServices.framework */,
				E1F82D4F14F14A049A5C9489 /* Security.framework */,
				B01CA9DC1130459CBA1E3A4D /* SystemConfiguration.framework */,
				D4B75A45150E40068ED262C1 /* UIKit.framework */,
				D419D7CB9D4B4FE7897D0721 /* libc++.dylib */,
				6A4EDE44119A4F608F55D6A0 /* libz.dylib */,
			);
			name = Frameworks;
			sourceTree = "<group>";
		};
		301BF52E109A57CC0062928A /* Products */ = {
			isa = PBXGroup;
			children = (
				301BF535109A57CC0062928A /* libCordova.a */,
			);
			name = Products;
			sourceTree = "<group>";
		};
		3047A50E1AB8057F00498E2A /* config */ = {
			isa = PBXGroup;
			children = (
				3047A50F1AB8059700498E2A /* build-debug.xcconfig */,
				3047A5101AB8059700498E2A /* build-release.xcconfig */,
				3047A5111AB8059700498E2A /* build.xcconfig */,
			);
			name = config;
			sourceTree = "<group>";
		};
		307C750510C5A3420062BCA9 /* Plugins */ = {
			isa = PBXGroup;
			children = (
				73896B87CFF141C5B34E54C9 /* UIImage+CropScaleOrientation.m */,
				C5E2A093055B45D58EADD354 /* CDVCamera.m */,
				1FBAF518701E4189B6A291CA /* CDVJpegHeaderWriter.m */,
				F12378156D154F15B88EC1B1 /* UIImage+CropScaleOrientation.h */,
				75F03D6B23D64D9C9F23D951 /* CDVCamera.h */,
				35C91538C32647CDBB7C98A2 /* CDVJpegHeaderWriter.h */,
				657D506E65264611A1C0F256 /* CDVExif.h */,
				B2C9635F533349ED8192FFCD /* CDVLogger.m */,
				30B1173399FA4991AF99106D /* CDVLogger.h */,
				F2822B33C545444C92021E7B /* CDVDevice.m */,
				0E516B91FB0E44D38C1087F4 /* CDVDevice.h */,
				4A31BFCDF8C243A49E68AEA4 /* CDVSplashScreen.m */,
				280CA7CABB7F46129B28AB15 /* CDVViewController+SplashScreen.m */,
				71F4D29C2B5A432F8F44E128 /* CDVSplashScreen.h */,
				7D0EC0E4370C46BFBCE0F753 /* CDVViewController+SplashScreen.h */,
				924B488EE97A4D11B1715BAB /* CDVStatusBar.m */,
				A38E6F270C754EE1BA33B447 /* CDVStatusBar.h */,
				ACAF005A2A954F459D351296 /* IonicKeyboard.m */,
				887B1395896B4C55A4E87599 /* IonicKeyboard.h */,
				BB80E530615B49BF94491F8F /* WTWikitudePlugin.m */,
				1D20B138E8FA4C5B99EB4B35 /* WTARViewController.m */,
				366FB680C033400698543D2C /* WTWikitudePlugin.h */,
				AEE25D587D114D2EAC2699E4 /* WTARViewController.h */,
				7790C9A81C684D0788F448DB /* WikitudeSDK.h */,
				E2B758CB60A843F88FCFB145 /* WTArchitectView.h */,
				CB16A936D647408098436EB0 /* WTNavigation.h */,
				98559B357CDE4588B5C1A56D /* WTStartupConfiguration.h */,
				822B49FE1CB64CC292E6D7D9 /* WTArchitectStartupConfiguration.h */,
				1F9EB7E939D140FDADF96B41 /* WTSDKBuildInformation.h */,
				1238237CDC3E4104B4D42086 /* WTArchitectViewDebugDelegate.h */,
				AFE549F7F4F54C258E9E3BE0 /* WTAuthorizationRequestManager.h */,
				2ACBDCB6B80F42BBAA5DE799 /* WTWikitudeTypes.h */,
			);
			name = Plugins;
			path = myApp/Plugins;
			sourceTree = SOURCE_ROOT;
		};
		EB87FDF11871DA420020F90C /* Staging */ = {
			isa = PBXGroup;
			children = (
				F840E1F0165FE0F500CFE078 /* config.xml */,
				301BF56E109A69640062928A /* www */,
			);
			name = Staging;
			sourceTree = "<group>";
		};
/* End PBXGroup section */

/* Begin PBXNativeTarget section */
		1D6058900D05DD3D006BFB54 /* myApp */ = {
			isa = PBXNativeTarget;
			buildConfigurationList = 1D6058960D05DD3E006BFB54 /* Build configuration list for PBXNativeTarget "myApp" */;
			buildPhases = (
				304B58A110DAC018002A0835 /* Copy www directory */,
				1D60588D0D05DD3D006BFB54 /* Resources */,
				1D60588E0D05DD3D006BFB54 /* Sources */,
				1D60588F0D05DD3D006BFB54 /* Frameworks */,
			);
			buildRules = (
			);
			dependencies = (
				301BF551109A68C00062928A /* PBXTargetDependency */,
			);
			name = myApp;
			productName = myApp;
			productReference = 1D6058910D05DD3D006BFB54 /* myApp.app */;
			productType = "com.apple.product-type.application";
		};
/* End PBXNativeTarget section */

/* Begin PBXProject section */
		29B97313FDCFA39411CA2CEA /* Project object */ = {
			isa = PBXProject;
			attributes = {
				LastUpgradeCheck = 510;
				TargetAttributes = {
					1D6058900D05DD3D006BFB54 = {
						DevelopmentTeam = 595NZF5LER;
					};
				};
			};
			buildConfigurationList = C01FCF4E08A954540054247B /* Build configuration list for PBXProject "myApp" */;
			compatibilityVersion = "Xcode 3.2";
			developmentRegion = English;
			hasScannedForEncodings = 1;
			knownRegions = (
				en,
			);
			mainGroup = 29B97314FDCFA39411CA2CEA /* CustomTemplate */;
			projectDirPath = "";
			projectReferences = (
				{
					ProductGroup = 301BF52E109A57CC0062928A /* Products */;
					ProjectRef = 301BF52D109A57CC0062928A /* CordovaLib.xcodeproj */;
				},
			);
			projectRoot = "";
			targets = (
				1D6058900D05DD3D006BFB54 /* myApp */,
			);
		};
/* End PBXProject section */

/* Begin PBXReferenceProxy section */
		301BF535109A57CC0062928A /* libCordova.a */ = {
			isa = PBXReferenceProxy;
			fileType = archive.ar;
			path = libCordova.a;
			remoteRef = 301BF534109A57CC0062928A /* PBXContainerItemProxy */;
			sourceTree = BUILT_PRODUCTS_DIR;
		};
/* End PBXReferenceProxy section */

/* Begin PBXResourcesBuildPhase section */
		1D60588D0D05DD3D006BFB54 /* Resources */ = {
			isa = PBXResourcesBuildPhase;
			buildActionMask = 2147483647;
			files = (
				302D95F214D2391D003F00A1 /* MainViewController.xib in Resources */,
				0207DA581B56EA530066E2B4 /* Images.xcassets in Resources */,
				6AFF5BF91D6E424B00AB3073 /* CDVLaunchScreen.storyboard in Resources */,
			);
			runOnlyForDeploymentPostprocessing = 0;
		};
/* End PBXResourcesBuildPhase section */

/* Begin PBXShellScriptBuildPhase section */
		304B58A110DAC018002A0835 /* Copy www directory */ = {
			isa = PBXShellScriptBuildPhase;
			buildActionMask = 2147483647;
			files = (
			);
			inputPaths = (
			);
			name = "Copy www directory";
			outputPaths = (
			);
			runOnlyForDeploymentPostprocessing = 0;
			shellPath = /bin/sh;
			shellScript = "NODEJS_PATH=/usr/local/bin; NVM_NODE_PATH=~/.nvm/versions/node/`nvm version 2>/dev/null`/bin; N_NODE_PATH=`find /usr/local/n/versions/node/* -maxdepth 0 -type d 2>/dev/null | tail -1`/bin; XCODE_NODE_PATH=`xcode-select --print-path`/usr/share/xcs/Node/bin; PATH=$NODEJS_PATH:$NVM_NODE_PATH:$N_NODE_PATH:$XCODE_NODE_PATH:$PATH && node cordova/lib/copy-www-build-step.js";
			showEnvVarsInLog = 0;
		};
/* End PBXShellScriptBuildPhase section */

/* Begin PBXSourcesBuildPhase section */
		1D60588E0D05DD3D006BFB54 /* Sources */ = {
			isa = PBXSourcesBuildPhase;
			buildActionMask = 2147483647;
			files = (
				1D60589B0D05DD56006BFB54 /* main.m in Sources */,
				1D3623260D0F684500981E51 /* AppDelegate.m in Sources */,
				302D95F114D2391D003F00A1 /* MainViewController.m in Sources */,
				B76611CE3ED844A986FF2CDE /* UIImage+CropScaleOrientation.m in Sources */,
				71856C8EF54E477D91E181D0 /* CDVCamera.m in Sources */,
				3353340689A44F14B7070962 /* CDVJpegHeaderWriter.m in Sources */,
				78AA5A56A8C3431E922C9410 /* CDVLogger.m in Sources */,
				5DAA163698064ADE9DAEE9E1 /* CDVDevice.m in Sources */,
				BFC54F3CDE0345AF9A9FC943 /* CDVSplashScreen.m in Sources */,
				0A448E1968B747A4BC6C428A /* CDVViewController+SplashScreen.m in Sources */,
				F57D7D21BC1E4FAA8DC6D816 /* CDVStatusBar.m in Sources */,
				D5533B8EED0D41BABBAC1E45 /* IonicKeyboard.m in Sources */,
				8E2198431B664BEFAB43C962 /* WTWikitudePlugin.m in Sources */,
				0D93C7C5FF1A460C87DB040D /* WTARViewController.m in Sources */,
			);
			runOnlyForDeploymentPostprocessing = 0;
		};
/* End PBXSourcesBuildPhase section */

/* Begin PBXTargetDependency section */
		301BF551109A68C00062928A /* PBXTargetDependency */ = {
			isa = PBXTargetDependency;
			name = CordovaLib;
			targetProxy = 301BF550109A68C00062928A /* PBXContainerItemProxy */;
		};
/* End PBXTargetDependency section */

/* Begin XCBuildConfiguration section */
		1D6058940D05DD3E006BFB54 /* Debug */ = {
			isa = XCBuildConfiguration;
			baseConfigurationReference = 3047A50F1AB8059700498E2A /* build-debug.xcconfig */;
			buildSettings = {
				ALWAYS_SEARCH_USER_PATHS = NO;
				ASSETCATALOG_COMPILER_APPICON_NAME = AppIcon;
				ASSETCATALOG_COMPILER_LAUNCHIMAGE_NAME = LaunchImage;
				CLANG_ENABLE_MODULES = YES;
				CLANG_ENABLE_OBJC_ARC = YES;
				COPY_PHASE_STRIP = NO;
				DEVELOPMENT_TEAM = 595NZF5LER;
				GCC_DYNAMIC_NO_PIC = NO;
				GCC_OPTIMIZATION_LEVEL = 0;
				GCC_PRECOMPILE_PREFIX_HEADER = YES;
				GCC_PREFIX_HEADER = "myApp/myApp-Prefix.pch";
				GCC_THUMB_SUPPORT = NO;
				GCC_VERSION = "";
				INFOPLIST_FILE = "myApp/myApp-Info.plist";
				IPHONEOS_DEPLOYMENT_TARGET = 8.0;
				LD_RUNPATH_SEARCH_PATHS = "@executable_path/Frameworks";
				LIBRARY_SEARCH_PATHS = (
					"$(inherited)",
					"\"$(SRCROOT)/myApp/Plugins/com.wikitude.phonegap.WikitudePlugin\"",
					"\"$(SRCROOT)/myApp/Plugins/com.wikitude.phonegap.WikitudePlugin\"",
				);
				PRODUCT_NAME = myApp;
				TARGETED_DEVICE_FAMILY = "1,2";
			};
			name = Debug;
		};
		1D6058950D05DD3E006BFB54 /* Release */ = {
			isa = XCBuildConfiguration;
			baseConfigurationReference = 3047A5101AB8059700498E2A /* build-release.xcconfig */;
			buildSettings = {
				ALWAYS_SEARCH_USER_PATHS = NO;
				ASSETCATALOG_COMPILER_APPICON_NAME = AppIcon;
				ASSETCATALOG_COMPILER_LAUNCHIMAGE_NAME = LaunchImage;
				CLANG_ENABLE_MODULES = YES;
				CLANG_ENABLE_OBJC_ARC = YES;
				COPY_PHASE_STRIP = YES;
				DEVELOPMENT_TEAM = 595NZF5LER;
				GCC_PRECOMPILE_PREFIX_HEADER = YES;
				GCC_PREFIX_HEADER = "myApp/myApp-Prefix.pch";
				GCC_THUMB_SUPPORT = NO;
				GCC_VERSION = "";
				INFOPLIST_FILE = "myApp/myApp-Info.plist";
				IPHONEOS_DEPLOYMENT_TARGET = 8.0;
				LD_RUNPATH_SEARCH_PATHS = "@executable_path/Frameworks";
				LIBRARY_SEARCH_PATHS = (
					"$(inherited)",
					"\"$(SRCROOT)/myApp/Plugins/com.wikitude.phonegap.WikitudePlugin\"",
					"\"$(SRCROOT)/myApp/Plugins/com.wikitude.phonegap.WikitudePlugin\"",
				);
				PRODUCT_NAME = myApp;
				TARGETED_DEVICE_FAMILY = "1,2";
			};
			name = Release;
		};
		C01FCF4F08A954540054247B /* Debug */ = {
			isa = XCBuildConfiguration;
			baseConfigurationReference = 3047A5111AB8059700498E2A /* build.xcconfig */;
			buildSettings = {
				CLANG_ENABLE_MODULES = YES;
				CLANG_ENABLE_OBJC_ARC = YES;
				CLANG_WARN_BOOL_CONVERSION = YES;
				CLANG_WARN_CONSTANT_CONVERSION = YES;
				CLANG_WARN_EMPTY_BODY = YES;
				CLANG_WARN_ENUM_CONVERSION = YES;
				CLANG_WARN_INT_CONVERSION = YES;
				CLANG_WARN__DUPLICATE_METHOD_MATCH = YES;
				GCC_C_LANGUAGE_STANDARD = c99;
				GCC_THUMB_SUPPORT = NO;
				GCC_VERSION = "";
				GCC_WARN_ABOUT_RETURN_TYPE = YES;
				GCC_WARN_UNDECLARED_SELECTOR = YES;
				GCC_WARN_UNINITIALIZED_AUTOS = YES;
				GCC_WARN_UNUSED_FUNCTION = YES;
				GCC_WARN_UNUSED_VARIABLE = YES;
				ONLY_ACTIVE_ARCH = YES;
				SDKROOT = iphoneos;
				SKIP_INSTALL = NO;
			};
			name = Debug;
		};
		C01FCF5008A954540054247B /* Release */ = {
			isa = XCBuildConfiguration;
			baseConfigurationReference = 3047A5111AB8059700498E2A /* build.xcconfig */;
			buildSettings = {
				CLANG_ENABLE_MODULES = YES;
				CLANG_ENABLE_OBJC_ARC = YES;
				CLANG_WARN_BOOL_CONVERSION = YES;
				CLANG_WARN_CONSTANT_CONVERSION = YES;
				CLANG_WARN_EMPTY_BODY = YES;
				CLANG_WARN_ENUM_CONVERSION = YES;
				CLANG_WARN_INT_CONVERSION = YES;
				CLANG_WARN__DUPLICATE_METHOD_MATCH = YES;
				GCC_C_LANGUAGE_STANDARD = c99;
				GCC_THUMB_SUPPORT = NO;
				GCC_VERSION = "";
				GCC_WARN_ABOUT_RETURN_TYPE = YES;
				GCC_WARN_UNDECLARED_SELECTOR = YES;
				GCC_WARN_UNINITIALIZED_AUTOS = YES;
				GCC_WARN_UNUSED_FUNCTION = YES;
				GCC_WARN_UNUSED_VARIABLE = YES;
				SDKROOT = iphoneos;
				SKIP_INSTALL = NO;
			};
			name = Release;
		};
/* End XCBuildConfiguration section */

/* Begin XCConfigurationList section */
		1D6058960D05DD3E006BFB54 /* Build configuration list for PBXNativeTarget "myApp" */ = {
			isa = XCConfigurationList;
			buildConfigurations = (
				1D6058940D05DD3E006BFB54 /* Debug */,
				1D6058950D05DD3E006BFB54 /* Release */,
			);
			defaultConfigurationIsVisible = 0;
			defaultConfigurationName = Release;
		};
		C01FCF4E08A954540054247B /* Build configuration list for PBXProject "myApp" */ = {
			isa = XCConfigurationList;
			buildConfigurations = (
				C01FCF4F08A954540054247B /* Debug */,
				C01FCF5008A954540054247B /* Release */,
			);
			defaultConfigurationIsVisible = 0;
			defaultConfigurationName = Release;
		};
/* End XCConfigurationList section */
	};
	rootObject = 29B97313FDCFA39411CA2CEA /* Project object */;
}
